<?xml version="1.0" encoding="UTF-8"?>
<!DOCTYPE plist PUBLIC "-//Apple//DTD PLIST 1.0//EN" "http://www.apple.com/DTDs/PropertyList-1.0.dtd">
<plist version="1.0">
<dict>
	<key>archiveVersion</key>
	<string>1</string>
	<key>classes</key>
	<dict/>
	<key>objectVersion</key>
	<string>46</string>
	<key>objects</key>
	<dict>
		<key>0B603908C12714DF99A5FCBB</key>
		<dict>
			<key>children</key>
			<array>
				<string>E84358EF0FC3986BD43659ED</string>
				<string>261C5B6F51C63B8DFF7F023C</string>
			</array>
			<key>isa</key>
			<string>PBXGroup</string>
			<key>name</key>
			<string>Pods</string>
			<key>sourceTree</key>
			<string>&lt;group&gt;</string>
		</dict>
		<key>261C5B6F51C63B8DFF7F023C</key>
		<dict>
			<key>includeInIndex</key>
			<string>1</string>
			<key>isa</key>
			<string>PBXFileReference</string>
			<key>lastKnownFileType</key>
			<string>text.xcconfig</string>
			<key>name</key>
			<string>Pods.release.xcconfig</string>
			<key>path</key>
			<string>Pods/Target Support Files/Pods/Pods.release.xcconfig</string>
			<key>sourceTree</key>
			<string>&lt;group&gt;</string>
		</dict>
		<key>4A933D7C4B0D4A88BF85EEB7</key>
		<dict>
			<key>buildActionMask</key>
			<string>2147483647</string>
			<key>files</key>
			<array/>
			<key>inputPaths</key>
			<array/>
			<key>isa</key>
			<string>PBXShellScriptBuildPhase</string>
			<key>name</key>
			<string>Check Pods Manifest.lock</string>
			<key>outputPaths</key>
			<array/>
			<key>runOnlyForDeploymentPostprocessing</key>
			<string>0</string>
			<key>shellPath</key>
			<string>/bin/sh</string>
			<key>shellScript</key>
			<string>diff "${PODS_ROOT}/../Podfile.lock" "${PODS_ROOT}/Manifest.lock" &gt; /dev/null
if [[ $? != 0 ]] ; then
    cat &lt;&lt; EOM
error: The sandbox is not in sync with the Podfile.lock. Run 'pod install' or update your CocoaPods installation.
EOM
    exit 1
fi
</string>
			<key>showEnvVarsInLog</key>
			<string>0</string>
		</dict>
		<key>505961972BEB4420A8F0B70A</key>
		<dict>
			<key>explicitFileType</key>
			<string>archive.ar</string>
			<key>includeInIndex</key>
			<string>0</string>
			<key>isa</key>
			<string>PBXFileReference</string>
			<key>path</key>
			<string>libPods.a</string>
			<key>sourceTree</key>
			<string>BUILT_PRODUCTS_DIR</string>
		</dict>
		<key>94ABDBA916F2D40D00D47E36</key>
		<dict>
			<key>children</key>
			<array>
				<string>AE6E738919CC7CFA007C0D47</string>
				<string>94ABDC4B16F36E4100D47E36</string>
				<string>94ABDBBB16F2D40D00D47E36</string>
				<string>94ABDBB416F2D40D00D47E36</string>
				<string>94ABDBB316F2D40D00D47E36</string>
				<string>0B603908C12714DF99A5FCBB</string>
			</array>
			<key>isa</key>
			<string>PBXGroup</string>
			<key>sourceTree</key>
			<string>&lt;group&gt;</string>
		</dict>
		<key>94ABDBAA16F2D40D00D47E36</key>
		<dict>
			<key>attributes</key>
			<dict>
				<key>CLASSPREFIX</key>
				<string>SDTB</string>
				<key>LastUpgradeCheck</key>
				<string>0510</string>
				<key>ORGANIZATIONNAME</key>
				<string>Sleep(5)</string>
				<key>TargetAttributes</key>
				<dict>
					<key>94ABDBB116F2D40D00D47E36</key>
					<dict>
						<key>DevelopmentTeam</key>
						<string>X7666LWADW</string>
					</dict>
				</dict>
			</dict>
			<key>buildConfigurationList</key>
			<string>94ABDBAD16F2D40D00D47E36</string>
			<key>compatibilityVersion</key>
			<string>Xcode 3.2</string>
			<key>developmentRegion</key>
			<string>English</string>
			<key>hasScannedForEncodings</key>
			<string>0</string>
			<key>isa</key>
			<string>PBXProject</string>
			<key>knownRegions</key>
			<array>
				<string>en</string>
			</array>
			<key>mainGroup</key>
			<string>94ABDBA916F2D40D00D47E36</string>
			<key>productRefGroup</key>
			<string>94ABDBB316F2D40D00D47E36</string>
			<key>projectDirPath</key>
			<string></string>
			<key>projectReferences</key>
			<array>
				<dict>
					<key>ProductGroup</key>
					<string>AE95DD9017D8E3D300AA7809</string>
					<key>ProjectRef</key>
					<string>94ABDC4B16F36E4100D47E36</string>
				</dict>
			</array>
			<key>projectRoot</key>
			<string></string>
			<key>targets</key>
			<array>
				<string>94ABDBB116F2D40D00D47E36</string>
			</array>
		</dict>
		<key>94ABDBAD16F2D40D00D47E36</key>
		<dict>
			<key>buildConfigurations</key>
			<array>
				<string>94ABDBCD16F2D40D00D47E36</string>
				<string>94ABDBCE16F2D40D00D47E36</string>
			</array>
			<key>defaultConfigurationIsVisible</key>
			<string>0</string>
			<key>defaultConfigurationName</key>
			<string>Release</string>
			<key>isa</key>
			<string>XCConfigurationList</string>
		</dict>
		<key>94ABDBAE16F2D40D00D47E36</key>
		<dict>
			<key>buildActionMask</key>
			<string>2147483647</string>
			<key>files</key>
			<array>
				<string>AE6E5F7E198418A600D480B4</string>
				<string>AE24B226198C4A420074D953</string>
				<string>AE24B293198FD3570074D953</string>
				<string>AE6E5FB919872A0800D480B4</string>
				<string>AE8479961990E2D60066C1BC</string>
				<string>AE6E5F7B1983DF3400D480B4</string>
				<string>AE24B247198C72240074D953</string>
				<string>AE8479941990E2D60066C1BC</string>
				<string>94ABDBC216F2D40D00D47E36</string>
				<string>AE8479951990E2D60066C1BC</string>
				<string>AE6E5F8C198462FC00D480B4</string>
				<string>94ABDBC916F2D40D00D47E36</string>
				<string>94ABDBD916F348FE00D47E36</string>
				<string>94ABDBDF16F34B6000D47E36</string>
				<string>AE6E5FB51986EE1800D480B4</string>
				<string>AE24B243198C72010074D953</string>
				<string>AE24B29719902E8D0074D953</string>
				<string>AE84799B1990EE530066C1BC</string>
				<string>AEDB399E1981AAE600921F3C</string>
				<string>94ABDBE816F34B8600D47E36</string>
				<string>94ABDC1E16F3545B00D47E36</string>
				<string>AE8479931990E2D60066C1BC</string>
				<string>AE6E5F6B1982F81800D480B4</string>
				<string>AE6E5F771983D65500D480B4</string>
				<string>AE8479971990E2D60066C1BC</string>
				<string>94ABDC2016F3545B00D47E36</string>
				<string>AE6E5F721983AB4E00D480B4</string>
				<string>AE6E5F8119842D3F00D480B4</string>
				<string>AE24B244198C72010074D953</string>
			</array>
			<key>isa</key>
			<string>PBXSourcesBuildPhase</string>
			<key>runOnlyForDeploymentPostprocessing</key>
			<string>0</string>
		</dict>
		<key>94ABDBAF16F2D40D00D47E36</key>
		<dict>
			<key>buildActionMask</key>
			<string>2147483647</string>
			<key>files</key>
			<array>
				<string>94ABDC5416F36E9400D47E36</string>
				<string>94ABDBDB16F34A7F00D47E36</string>
				<string>94ABDBB616F2D40D00D47E36</string>
				<string>B16B25A7C05741B1838EFD14</string>
			</array>
			<key>isa</key>
			<string>PBXFrameworksBuildPhase</string>
			<key>runOnlyForDeploymentPostprocessing</key>
			<string>0</string>
		</dict>
		<key>94ABDBB016F2D40D00D47E36</key>
		<dict>
			<key>buildActionMask</key>
			<string>2147483647</string>
			<key>files</key>
			<array>
				<string>AE6E5FA91984795D00D480B4</string>
				<string>AE6E5F731983AB4E00D480B4</string>
				<string>AE6E5FA81984795D00D480B4</string>
				<string>AE6E5F6E1982FB8600D480B4</string>
				<string>94ABDBC016F2D40D00D47E36</string>
				<string>94ABDBCC16F2D40D00D47E36</string>
				<string>AE6E738A19CC7CFA007C0D47</string>
				<string>AE6E5FA51984795D00D480B4</string>
				<string>AE24B24B198D8FBA0074D953</string>
				<string>AE703F5C19733E27005C5212</string>
				<string>AE6E5F781983D65500D480B4</string>
				<string>94ABDC0916F351AC00D47E36</string>
				<string>94ABDC1D16F3545B00D47E36</string>
				<string>AE6E5FAA1984795D00D480B4</string>
				<string>AE24B249198C723C0074D953</string>
				<string>AE6E5FAC1984795D00D480B4</string>
				<string>AE975E9217D796680053BFAF</string>
				<string>AE6E5FA61984795D00D480B4</string>
				<string>AE6E5FA71984795D00D480B4</string>
				<string>AE95DD9617D8E99C00AA7809</string>
				<string>AEC19AC017DB5DFF00226CD9</string>
				<string>AEC19AC217DB5FD600226CD9</string>
				<string>AEC19AC417DB9FBF00226CD9</string>
				<string>AE6E5FAB1984795D00D480B4</string>
			</array>
			<key>isa</key>
			<string>PBXResourcesBuildPhase</string>
			<key>runOnlyForDeploymentPostprocessing</key>
			<string>0</string>
		</dict>
		<key>94ABDBB116F2D40D00D47E36</key>
		<dict>
			<key>buildConfigurationList</key>
			<string>94ABDBCF16F2D40D00D47E36</string>
			<key>buildPhases</key>
			<array>
				<string>4A933D7C4B0D4A88BF85EEB7</string>
				<string>94ABDBAE16F2D40D00D47E36</string>
				<string>94ABDBAF16F2D40D00D47E36</string>
				<string>94ABDBB016F2D40D00D47E36</string>
				<string>94ABDC5116F36E6B00D47E36</string>
				<string>94ABDC5616F3750A00D47E36</string>
				<string>DE14CF0F8E054379BBA6F87E</string>
			</array>
			<key>buildRules</key>
			<array/>
			<key>dependencies</key>
			<array/>
			<key>isa</key>
			<string>PBXNativeTarget</string>
			<key>name</key>
			<string>TunesBar+</string>
			<key>productName</key>
			<string>TunesBar</string>
			<key>productReference</key>
			<string>94ABDBB216F2D40D00D47E36</string>
			<key>productType</key>
			<string>com.apple.product-type.application</string>
		</dict>
		<key>94ABDBB216F2D40D00D47E36</key>
		<dict>
			<key>explicitFileType</key>
			<string>wrapper.application</string>
			<key>includeInIndex</key>
			<string>0</string>
			<key>isa</key>
			<string>PBXFileReference</string>
			<key>path</key>
			<string>TunesBar+.app</string>
			<key>sourceTree</key>
			<string>BUILT_PRODUCTS_DIR</string>
		</dict>
		<key>94ABDBB316F2D40D00D47E36</key>
		<dict>
			<key>children</key>
			<array>
				<string>94ABDBB216F2D40D00D47E36</string>
			</array>
			<key>isa</key>
			<string>PBXGroup</string>
			<key>name</key>
			<string>Products</string>
			<key>sourceTree</key>
			<string>&lt;group&gt;</string>
		</dict>
		<key>94ABDBB416F2D40D00D47E36</key>
		<dict>
			<key>children</key>
			<array>
				<string>94ABDC5316F36E9400D47E36</string>
				<string>94ABDBDA16F34A7F00D47E36</string>
				<string>94ABDBB516F2D40D00D47E36</string>
				<string>94ABDBB716F2D40D00D47E36</string>
				<string>505961972BEB4420A8F0B70A</string>
			</array>
			<key>isa</key>
			<string>PBXGroup</string>
			<key>name</key>
			<string>Frameworks</string>
			<key>sourceTree</key>
			<string>&lt;group&gt;</string>
		</dict>
		<key>94ABDBB516F2D40D00D47E36</key>
		<dict>
			<key>isa</key>
			<string>PBXFileReference</string>
			<key>lastKnownFileType</key>
			<string>wrapper.framework</string>
			<key>name</key>
			<string>Cocoa.framework</string>
			<key>path</key>
			<string>System/Library/Frameworks/Cocoa.framework</string>
			<key>sourceTree</key>
			<string>SDKROOT</string>
		</dict>
		<key>94ABDBB616F2D40D00D47E36</key>
		<dict>
			<key>fileRef</key>
			<string>94ABDBB516F2D40D00D47E36</string>
			<key>isa</key>
			<string>PBXBuildFile</string>
		</dict>
		<key>94ABDBB716F2D40D00D47E36</key>
		<dict>
			<key>children</key>
			<array>
				<string>94ABDBB816F2D40D00D47E36</string>
				<string>94ABDBB916F2D40D00D47E36</string>
				<string>94ABDBBA16F2D40D00D47E36</string>
			</array>
			<key>isa</key>
			<string>PBXGroup</string>
			<key>name</key>
			<string>Other Frameworks</string>
			<key>sourceTree</key>
			<string>&lt;group&gt;</string>
		</dict>
		<key>94ABDBB816F2D40D00D47E36</key>
		<dict>
			<key>isa</key>
			<string>PBXFileReference</string>
			<key>lastKnownFileType</key>
			<string>wrapper.framework</string>
			<key>name</key>
			<string>AppKit.framework</string>
			<key>path</key>
			<string>System/Library/Frameworks/AppKit.framework</string>
			<key>sourceTree</key>
			<string>SDKROOT</string>
		</dict>
		<key>94ABDBB916F2D40D00D47E36</key>
		<dict>
			<key>isa</key>
			<string>PBXFileReference</string>
			<key>lastKnownFileType</key>
			<string>wrapper.framework</string>
			<key>name</key>
			<string>CoreData.framework</string>
			<key>path</key>
			<string>System/Library/Frameworks/CoreData.framework</string>
			<key>sourceTree</key>
			<string>SDKROOT</string>
		</dict>
		<key>94ABDBBA16F2D40D00D47E36</key>
		<dict>
			<key>isa</key>
			<string>PBXFileReference</string>
			<key>lastKnownFileType</key>
			<string>wrapper.framework</string>
			<key>name</key>
			<string>Foundation.framework</string>
			<key>path</key>
			<string>System/Library/Frameworks/Foundation.framework</string>
			<key>sourceTree</key>
			<string>SDKROOT</string>
		</dict>
		<key>94ABDBBB16F2D40D00D47E36</key>
		<dict>
			<key>children</key>
			<array>
				<string>94ABDBBD16F2D40D00D47E36</string>
				<string>AE95DD9517D8E99C00AA7809</string>
				<string>94ABDBE916F34C4200D47E36</string>
				<string>94ABDC0816F351AC00D47E36</string>
				<string>94ABDBFA16F3508F00D47E36</string>
				<string>94ABDBD516F348EC00D47E36</string>
				<string>AE24B227198C6CC70074D953</string>
				<string>94ABDBD416F348CB00D47E36</string>
				<string>94ABDBD216F348BB00D47E36</string>
				<string>94ABDBD316F348BF00D47E36</string>
				<string>94ABDBBC16F2D40D00D47E36</string>
			</array>
			<key>isa</key>
			<string>PBXGroup</string>
			<key>path</key>
			<string>TunesBar</string>
			<key>sourceTree</key>
			<string>&lt;group&gt;</string>
		</dict>
		<key>94ABDBBC16F2D40D00D47E36</key>
		<dict>
			<key>children</key>
			<array>
				<string>AE703F5B19733E27005C5212</string>
				<string>AEC19ABF17DB5DFF00226CD9</string>
				<string>AE24B24A198D8FBA0074D953</string>
				<string>AEC19AC117DB5FD600226CD9</string>
				<string>94ABDBBE16F2D40D00D47E36</string>
				<string>94ABDBC116F2D40D00D47E36</string>
				<string>94ABDBC316F2D40D00D47E36</string>
			</array>
			<key>isa</key>
			<string>PBXGroup</string>
			<key>name</key>
			<string>Supporting Files</string>
			<key>sourceTree</key>
			<string>&lt;group&gt;</string>
		</dict>
		<key>94ABDBBD16F2D40D00D47E36</key>
		<dict>
			<key>isa</key>
			<string>PBXFileReference</string>
			<key>lastKnownFileType</key>
			<string>text.plist.xml</string>
			<key>path</key>
			<string>TunesBar+-Info.plist</string>
			<key>sourceTree</key>
			<string>&lt;group&gt;</string>
		</dict>
		<key>94ABDBBE16F2D40D00D47E36</key>
		<dict>
			<key>children</key>
			<array>
				<string>94ABDBBF16F2D40D00D47E36</string>
			</array>
			<key>isa</key>
			<string>PBXVariantGroup</string>
			<key>name</key>
			<string>InfoPlist.strings</string>
			<key>sourceTree</key>
			<string>&lt;group&gt;</string>
		</dict>
		<key>94ABDBBF16F2D40D00D47E36</key>
		<dict>
			<key>isa</key>
			<string>PBXFileReference</string>
			<key>lastKnownFileType</key>
			<string>text.plist.strings</string>
			<key>name</key>
			<string>en</string>
			<key>path</key>
			<string>en.lproj/InfoPlist.strings</string>
			<key>sourceTree</key>
			<string>&lt;group&gt;</string>
		</dict>
		<key>94ABDBC016F2D40D00D47E36</key>
		<dict>
			<key>fileRef</key>
			<string>94ABDBBE16F2D40D00D47E36</string>
			<key>isa</key>
			<string>PBXBuildFile</string>
		</dict>
		<key>94ABDBC116F2D40D00D47E36</key>
		<dict>
			<key>isa</key>
			<string>PBXFileReference</string>
			<key>lastKnownFileType</key>
			<string>sourcecode.c.objc</string>
			<key>path</key>
			<string>main.m</string>
			<key>sourceTree</key>
			<string>&lt;group&gt;</string>
		</dict>
		<key>94ABDBC216F2D40D00D47E36</key>
		<dict>
			<key>fileRef</key>
			<string>94ABDBC116F2D40D00D47E36</string>
			<key>isa</key>
			<string>PBXBuildFile</string>
		</dict>
		<key>94ABDBC316F2D40D00D47E36</key>
		<dict>
			<key>isa</key>
			<string>PBXFileReference</string>
			<key>lastKnownFileType</key>
			<string>sourcecode.c.h</string>
			<key>path</key>
			<string>TunesBar+-Prefix.pch</string>
			<key>sourceTree</key>
			<string>&lt;group&gt;</string>
		</dict>
		<key>94ABDBC716F2D40D00D47E36</key>
		<dict>
			<key>isa</key>
			<string>PBXFileReference</string>
			<key>lastKnownFileType</key>
			<string>sourcecode.c.h</string>
			<key>path</key>
			<string>SDTBAppDelegate.h</string>
			<key>sourceTree</key>
			<string>&lt;group&gt;</string>
		</dict>
		<key>94ABDBC816F2D40D00D47E36</key>
		<dict>
			<key>isa</key>
			<string>PBXFileReference</string>
			<key>lastKnownFileType</key>
			<string>sourcecode.c.objc</string>
			<key>path</key>
			<string>SDTBAppDelegate.m</string>
			<key>sourceTree</key>
			<string>&lt;group&gt;</string>
		</dict>
		<key>94ABDBC916F2D40D00D47E36</key>
		<dict>
			<key>fileRef</key>
			<string>94ABDBC816F2D40D00D47E36</string>
			<key>isa</key>
			<string>PBXBuildFile</string>
		</dict>
		<key>94ABDBCA16F2D40D00D47E36</key>
		<dict>
			<key>children</key>
			<array>
				<string>94ABDBCB16F2D40D00D47E36</string>
			</array>
			<key>isa</key>
			<string>PBXVariantGroup</string>
			<key>name</key>
			<string>MainMenu.xib</string>
			<key>sourceTree</key>
			<string>&lt;group&gt;</string>
		</dict>
		<key>94ABDBCB16F2D40D00D47E36</key>
		<dict>
			<key>isa</key>
			<string>PBXFileReference</string>
			<key>lastKnownFileType</key>
			<string>file.xib</string>
			<key>name</key>
			<string>en</string>
			<key>path</key>
			<string>en.lproj/MainMenu.xib</string>
			<key>sourceTree</key>
			<string>&lt;group&gt;</string>
		</dict>
		<key>94ABDBCC16F2D40D00D47E36</key>
		<dict>
			<key>fileRef</key>
			<string>94ABDBCA16F2D40D00D47E36</string>
			<key>isa</key>
			<string>PBXBuildFile</string>
		</dict>
		<key>94ABDBCD16F2D40D00D47E36</key>
		<dict>
			<key>buildSettings</key>
			<dict>
				<key>ALWAYS_SEARCH_USER_PATHS</key>
				<string>NO</string>
				<key>CLANG_CXX_LANGUAGE_STANDARD</key>
				<string>gnu++0x</string>
				<key>CLANG_CXX_LIBRARY</key>
				<string>libc++</string>
				<key>CLANG_ENABLE_OBJC_ARC</key>
				<string>YES</string>
				<key>CLANG_WARN_CONSTANT_CONVERSION</key>
				<string>YES</string>
				<key>CLANG_WARN_EMPTY_BODY</key>
				<string>YES</string>
				<key>CLANG_WARN_ENUM_CONVERSION</key>
				<string>YES</string>
				<key>CLANG_WARN_INT_CONVERSION</key>
				<string>YES</string>
				<key>CLANG_WARN__DUPLICATE_METHOD_MATCH</key>
				<string>YES</string>
				<key>COPY_PHASE_STRIP</key>
				<string>NO</string>
				<key>GCC_C_LANGUAGE_STANDARD</key>
				<string>gnu99</string>
				<key>GCC_DYNAMIC_NO_PIC</key>
				<string>NO</string>
				<key>GCC_ENABLE_OBJC_EXCEPTIONS</key>
				<string>YES</string>
				<key>GCC_OPTIMIZATION_LEVEL</key>
				<string>0</string>
				<key>GCC_PREPROCESSOR_DEFINITIONS</key>
				<array>
					<string>DEBUG=1</string>
					<string>$(inherited)</string>
				</array>
				<key>GCC_SYMBOLS_PRIVATE_EXTERN</key>
				<string>NO</string>
				<key>GCC_WARN_64_TO_32_BIT_CONVERSION</key>
				<string>YES</string>
				<key>GCC_WARN_ABOUT_RETURN_TYPE</key>
				<string>YES</string>
				<key>GCC_WARN_UNINITIALIZED_AUTOS</key>
				<string>YES</string>
				<key>GCC_WARN_UNUSED_VARIABLE</key>
				<string>YES</string>
				<key>MACOSX_DEPLOYMENT_TARGET</key>
				<string>10.7</string>
				<key>ONLY_ACTIVE_ARCH</key>
				<string>YES</string>
				<key>SDKROOT</key>
				<string>macosx</string>
			</dict>
			<key>isa</key>
			<string>XCBuildConfiguration</string>
			<key>name</key>
			<string>Debug</string>
		</dict>
		<key>94ABDBCE16F2D40D00D47E36</key>
		<dict>
			<key>buildSettings</key>
			<dict>
				<key>ALWAYS_SEARCH_USER_PATHS</key>
				<string>NO</string>
				<key>CLANG_CXX_LANGUAGE_STANDARD</key>
				<string>gnu++0x</string>
				<key>CLANG_CXX_LIBRARY</key>
				<string>libc++</string>
				<key>CLANG_ENABLE_OBJC_ARC</key>
				<string>YES</string>
				<key>CLANG_WARN_CONSTANT_CONVERSION</key>
				<string>YES</string>
				<key>CLANG_WARN_EMPTY_BODY</key>
				<string>YES</string>
				<key>CLANG_WARN_ENUM_CONVERSION</key>
				<string>YES</string>
				<key>CLANG_WARN_INT_CONVERSION</key>
				<string>YES</string>
				<key>CLANG_WARN__DUPLICATE_METHOD_MATCH</key>
				<string>YES</string>
				<key>COPY_PHASE_STRIP</key>
				<string>YES</string>
				<key>DEBUG_INFORMATION_FORMAT</key>
				<string>dwarf-with-dsym</string>
				<key>GCC_C_LANGUAGE_STANDARD</key>
				<string>gnu99</string>
				<key>GCC_ENABLE_OBJC_EXCEPTIONS</key>
				<string>YES</string>
				<key>GCC_WARN_64_TO_32_BIT_CONVERSION</key>
				<string>YES</string>
				<key>GCC_WARN_ABOUT_RETURN_TYPE</key>
				<string>YES</string>
				<key>GCC_WARN_UNINITIALIZED_AUTOS</key>
				<string>YES</string>
				<key>GCC_WARN_UNUSED_VARIABLE</key>
				<string>YES</string>
				<key>MACOSX_DEPLOYMENT_TARGET</key>
				<string>10.7</string>
				<key>SDKROOT</key>
				<string>macosx</string>
			</dict>
			<key>isa</key>
			<string>XCBuildConfiguration</string>
			<key>name</key>
			<string>Release</string>
		</dict>
		<key>94ABDBCF16F2D40D00D47E36</key>
		<dict>
			<key>buildConfigurations</key>
			<array>
				<string>94ABDBD016F2D40D00D47E36</string>
				<string>94ABDBD116F2D40D00D47E36</string>
			</array>
			<key>defaultConfigurationIsVisible</key>
			<string>0</string>
			<key>defaultConfigurationName</key>
			<string>Release</string>
			<key>isa</key>
			<string>XCConfigurationList</string>
		</dict>
		<key>94ABDBD016F2D40D00D47E36</key>
		<dict>
			<key>baseConfigurationReference</key>
			<string>E84358EF0FC3986BD43659ED</string>
			<key>buildSettings</key>
			<dict>
				<key>ASSETCATALOG_COMPILER_APPICON_NAME</key>
				<string>AppIcon</string>
				<key>CODE_SIGN_ENTITLEMENTS</key>
				<string>TunesBar/TunesBar+.entitlements</string>
				<key>CODE_SIGN_IDENTITY</key>
				<string>Developer ID Application</string>
				<key>COMBINE_HIDPI_IMAGES</key>
				<string>YES</string>
				<key>GCC_PRECOMPILE_PREFIX_HEADER</key>
				<string>YES</string>
				<key>GCC_PREFIX_HEADER</key>
				<string>TunesBar/TunesBar+-Prefix.pch</string>
				<key>INFOPLIST_FILE</key>
				<string>TunesBar/TunesBar+-Info.plist</string>
				<key>MACOSX_DEPLOYMENT_TARGET</key>
				<string>10.7</string>
				<key>PRODUCT_NAME</key>
				<string>TunesBar+</string>
				<key>WRAPPER_EXTENSION</key>
				<string>app</string>
			</dict>
			<key>isa</key>
			<string>XCBuildConfiguration</string>
			<key>name</key>
			<string>Debug</string>
		</dict>
		<key>94ABDBD116F2D40D00D47E36</key>
		<dict>
			<key>baseConfigurationReference</key>
			<string>261C5B6F51C63B8DFF7F023C</string>
			<key>buildSettings</key>
			<dict>
				<key>ASSETCATALOG_COMPILER_APPICON_NAME</key>
				<string>AppIcon</string>
				<key>CODE_SIGN_ENTITLEMENTS</key>
				<string>TunesBar/TunesBar+.entitlements</string>
				<key>CODE_SIGN_IDENTITY</key>
				<string>Developer ID Application</string>
				<key>COMBINE_HIDPI_IMAGES</key>
				<string>YES</string>
				<key>COPY_PHASE_STRIP</key>
				<string>NO</string>
				<key>GCC_PRECOMPILE_PREFIX_HEADER</key>
				<string>YES</string>
				<key>GCC_PREFIX_HEADER</key>
				<string>TunesBar/TunesBar+-Prefix.pch</string>
				<key>INFOPLIST_FILE</key>
				<string>TunesBar/TunesBar+-Info.plist</string>
				<key>MACOSX_DEPLOYMENT_TARGET</key>
				<string>10.7</string>
				<key>PRODUCT_NAME</key>
				<string>TunesBar+</string>
				<key>PROVISIONING_PROFILE</key>
				<string></string>
				<key>WRAPPER_EXTENSION</key>
				<string>app</string>
			</dict>
			<key>isa</key>
			<string>XCBuildConfiguration</string>
			<key>name</key>
			<string>Release</string>
		</dict>
		<key>94ABDBD216F348BB00D47E36</key>
		<dict>
			<key>children</key>
			<array>
				<string>94ABDBC716F2D40D00D47E36</string>
				<string>94ABDBC816F2D40D00D47E36</string>
				<string>94ABDBDD16F34B6000D47E36</string>
				<string>94ABDBDE16F34B6000D47E36</string>
				<string>AE6E5F681982F81800D480B4</string>
				<string>AE6E5F691982F81800D480B4</string>
				<string>AE6E5F6F1983AB4E00D480B4</string>
				<string>AE6E5F701983AB4E00D480B4</string>
				<string>AE6E5F741983D65500D480B4</string>
				<string>AE6E5F751983D65500D480B4</string>
			</array>
			<key>isa</key>
			<string>PBXGroup</string>
			<key>name</key>
			<string>Controllers</string>
			<key>sourceTree</key>
			<string>&lt;group&gt;</string>
		</dict>
		<key>94ABDBD316F348BF00D47E36</key>
		<dict>
			<key>children</key>
			<array>
				<string>94ABDBCA16F2D40D00D47E36</string>
				<string>AE6E5F6D1982FB8600D480B4</string>
				<string>AE6E5F761983D65500D480B4</string>
				<string>AE6E5F711983AB4E00D480B4</string>
			</array>
			<key>isa</key>
			<string>PBXGroup</string>
			<key>name</key>
			<string>XIBs</string>
			<key>sourceTree</key>
			<string>&lt;group&gt;</string>
		</dict>
		<key>94ABDBD416F348CB00D47E36</key>
		<dict>
			<key>children</key>
			<array>
				<string>AE6E5F9D1984795D00D480B4</string>
				<string>AE6E5F9E1984795D00D480B4</string>
				<string>AE6E5F9F1984795D00D480B4</string>
				<string>AE6E5FA01984795D00D480B4</string>
				<string>AE6E5FA11984795D00D480B4</string>
				<string>AE6E5FA21984795D00D480B4</string>
				<string>AE6E5FA31984795D00D480B4</string>
				<string>AE6E5FA41984795D00D480B4</string>
				<string>AE975E9117D796680053BFAF</string>
				<string>AEC19AC317DB9FBF00226CD9</string>
			</array>
			<key>isa</key>
			<string>PBXGroup</string>
			<key>name</key>
			<string>Graphics</string>
			<key>sourceTree</key>
			<string>&lt;group&gt;</string>
		</dict>
		<key>94ABDBD516F348EC00D47E36</key>
		<dict>
			<key>children</key>
			<array>
				<string>94ABDBD616F348FE00D47E36</string>
				<string>94ABDBD716F348FE00D47E36</string>
				<string>94ABDBD816F348FE00D47E36</string>
				<string>AE6E5FB719872A0800D480B4</string>
				<string>AE6E5FB819872A0800D480B4</string>
				<string>94ABDBE616F34B8600D47E36</string>
				<string>94ABDBE716F34B8600D47E36</string>
				<string>AE6E5F791983DF3400D480B4</string>
				<string>AE6E5F7A1983DF3400D480B4</string>
				<string>AE6E5F7C198418A600D480B4</string>
				<string>AE6E5F7D198418A600D480B4</string>
				<string>AE6E5FB31986EE1800D480B4</string>
				<string>AE6E5FB41986EE1800D480B4</string>
				<string>AE24B291198FD3570074D953</string>
				<string>AE24B292198FD3570074D953</string>
				<string>AE24B29519902E8D0074D953</string>
				<string>AE24B29619902E8D0074D953</string>
				<string>AE6E5F8A1984612300D480B4</string>
				<string>AE6E5F8B198462FC00D480B4</string>
				<string>AE24B224198C4A420074D953</string>
				<string>AE24B225198C4A420074D953</string>
				<string>AE8479991990EE530066C1BC</string>
				<string>AE84799A1990EE530066C1BC</string>
			</array>
			<key>isa</key>
			<string>PBXGroup</string>
			<key>name</key>
			<string>Helpers</string>
			<key>sourceTree</key>
			<string>&lt;group&gt;</string>
		</dict>
		<key>94ABDBD616F348FE00D47E36</key>
		<dict>
			<key>fileEncoding</key>
			<string>4</string>
			<key>isa</key>
			<string>PBXFileReference</string>
			<key>lastKnownFileType</key>
			<string>sourcecode.c.h</string>
			<key>path</key>
			<string>iTunes.h</string>
			<key>sourceTree</key>
			<string>&lt;group&gt;</string>
		</dict>
		<key>94ABDBD716F348FE00D47E36</key>
		<dict>
			<key>fileEncoding</key>
			<string>4</string>
			<key>isa</key>
			<string>PBXFileReference</string>
			<key>lastKnownFileType</key>
			<string>sourcecode.c.h</string>
			<key>path</key>
			<string>iTunesProxy.h</string>
			<key>sourceTree</key>
			<string>&lt;group&gt;</string>
		</dict>
		<key>94ABDBD816F348FE00D47E36</key>
		<dict>
			<key>fileEncoding</key>
			<string>4</string>
			<key>isa</key>
			<string>PBXFileReference</string>
			<key>lastKnownFileType</key>
			<string>sourcecode.c.objc</string>
			<key>path</key>
			<string>iTunesProxy.m</string>
			<key>sourceTree</key>
			<string>&lt;group&gt;</string>
		</dict>
		<key>94ABDBD916F348FE00D47E36</key>
		<dict>
			<key>fileRef</key>
			<string>94ABDBD816F348FE00D47E36</string>
			<key>isa</key>
			<string>PBXBuildFile</string>
		</dict>
		<key>94ABDBDA16F34A7F00D47E36</key>
		<dict>
			<key>isa</key>
			<string>PBXFileReference</string>
			<key>lastKnownFileType</key>
			<string>wrapper.framework</string>
			<key>name</key>
			<string>ScriptingBridge.framework</string>
			<key>path</key>
			<string>System/Library/Frameworks/ScriptingBridge.framework</string>
			<key>sourceTree</key>
			<string>SDKROOT</string>
		</dict>
		<key>94ABDBDB16F34A7F00D47E36</key>
		<dict>
			<key>fileRef</key>
			<string>94ABDBDA16F34A7F00D47E36</string>
			<key>isa</key>
			<string>PBXBuildFile</string>
		</dict>
		<key>94ABDBDD16F34B6000D47E36</key>
		<dict>
			<key>fileEncoding</key>
			<string>4</string>
			<key>isa</key>
			<string>PBXFileReference</string>
			<key>lastKnownFileType</key>
			<string>sourcecode.c.h</string>
			<key>path</key>
			<string>SDStatusItemController.h</string>
			<key>sourceTree</key>
			<string>&lt;group&gt;</string>
		</dict>
		<key>94ABDBDE16F34B6000D47E36</key>
		<dict>
			<key>fileEncoding</key>
			<string>4</string>
			<key>isa</key>
			<string>PBXFileReference</string>
			<key>lastKnownFileType</key>
			<string>sourcecode.c.objc</string>
			<key>path</key>
			<string>SDStatusItemController.m</string>
			<key>sourceTree</key>
			<string>&lt;group&gt;</string>
		</dict>
		<key>94ABDBDF16F34B6000D47E36</key>
		<dict>
			<key>fileRef</key>
			<string>94ABDBDE16F34B6000D47E36</string>
			<key>isa</key>
			<string>PBXBuildFile</string>
		</dict>
		<key>94ABDBE616F34B8600D47E36</key>
		<dict>
			<key>fileEncoding</key>
			<string>4</string>
			<key>isa</key>
			<string>PBXFileReference</string>
			<key>lastKnownFileType</key>
			<string>sourcecode.c.h</string>
			<key>path</key>
			<string>SDTBStatusItemHelper.h</string>
			<key>sourceTree</key>
			<string>&lt;group&gt;</string>
		</dict>
		<key>94ABDBE716F34B8600D47E36</key>
		<dict>
			<key>fileEncoding</key>
			<string>4</string>
			<key>isa</key>
			<string>PBXFileReference</string>
			<key>lastKnownFileType</key>
			<string>sourcecode.c.objc</string>
			<key>path</key>
			<string>SDTBStatusItemHelper.m</string>
			<key>sourceTree</key>
			<string>&lt;group&gt;</string>
		</dict>
		<key>94ABDBE816F34B8600D47E36</key>
		<dict>
			<key>fileRef</key>
			<string>94ABDBE716F34B8600D47E36</string>
			<key>isa</key>
			<string>PBXBuildFile</string>
		</dict>
		<key>94ABDBE916F34C4200D47E36</key>
		<dict>
			<key>isa</key>
			<string>PBXFileReference</string>
			<key>lastKnownFileType</key>
			<string>sourcecode.c.h</string>
			<key>path</key>
			<string>DefaultsKeys.h</string>
			<key>sourceTree</key>
			<string>&lt;group&gt;</string>
		</dict>
		<key>94ABDBFA16F3508F00D47E36</key>
		<dict>
			<key>children</key>
			<array>
				<string>94ABDC1516F3545B00D47E36</string>
				<string>94ABDC1616F3545B00D47E36</string>
				<string>94ABDC1716F3545B00D47E36</string>
				<string>94ABDC1A16F3545B00D47E36</string>
				<string>94ABDC1B16F3545B00D47E36</string>
				<string>AEDB399C1981AAE600921F3C</string>
				<string>AEDB399D1981AAE600921F3C</string>
				<string>AE6E5F7F19842D3F00D480B4</string>
				<string>AE6E5F8019842D3F00D480B4</string>
			</array>
			<key>isa</key>
			<string>PBXGroup</string>
			<key>name</key>
			<string>SDToolkit</string>
			<key>sourceTree</key>
			<string>&lt;group&gt;</string>
		</dict>
		<key>94ABDC0816F351AC00D47E36</key>
		<dict>
			<key>fileEncoding</key>
			<string>4</string>
			<key>isa</key>
			<string>PBXFileReference</string>
			<key>lastKnownFileType</key>
			<string>text.plist.xml</string>
			<key>path</key>
			<string>DefaultValues.plist</string>
			<key>sourceTree</key>
			<string>&lt;group&gt;</string>
		</dict>
		<key>94ABDC0916F351AC00D47E36</key>
		<dict>
			<key>fileRef</key>
			<string>94ABDC0816F351AC00D47E36</string>
			<key>isa</key>
			<string>PBXBuildFile</string>
		</dict>
		<key>94ABDC1516F3545B00D47E36</key>
		<dict>
			<key>fileEncoding</key>
			<string>4</string>
			<key>isa</key>
			<string>PBXFileReference</string>
			<key>lastKnownFileType</key>
			<string>file.xib</string>
			<key>path</key>
			<string>SDWelcomeWindow.xib</string>
			<key>sourceTree</key>
			<string>&lt;group&gt;</string>
		</dict>
		<key>94ABDC1616F3545B00D47E36</key>
		<dict>
			<key>fileEncoding</key>
			<string>4</string>
			<key>isa</key>
			<string>PBXFileReference</string>
			<key>lastKnownFileType</key>
			<string>sourcecode.c.h</string>
			<key>path</key>
			<string>SDWelcomeWindowController.h</string>
			<key>sourceTree</key>
			<string>&lt;group&gt;</string>
		</dict>
		<key>94ABDC1716F3545B00D47E36</key>
		<dict>
			<key>fileEncoding</key>
			<string>4</string>
			<key>isa</key>
			<string>PBXFileReference</string>
			<key>lastKnownFileType</key>
			<string>sourcecode.c.objc</string>
			<key>path</key>
			<string>SDWelcomeWindowController.m</string>
			<key>sourceTree</key>
			<string>&lt;group&gt;</string>
		</dict>
		<key>94ABDC1A16F3545B00D47E36</key>
		<dict>
			<key>fileEncoding</key>
			<string>4</string>
			<key>isa</key>
			<string>PBXFileReference</string>
			<key>lastKnownFileType</key>
			<string>sourcecode.c.h</string>
			<key>path</key>
			<string>SDWelcomeWindowRoundedImageView.h</string>
			<key>sourceTree</key>
			<string>&lt;group&gt;</string>
		</dict>
		<key>94ABDC1B16F3545B00D47E36</key>
		<dict>
			<key>fileEncoding</key>
			<string>4</string>
			<key>isa</key>
			<string>PBXFileReference</string>
			<key>lastKnownFileType</key>
			<string>sourcecode.c.objc</string>
			<key>path</key>
			<string>SDWelcomeWindowRoundedImageView.m</string>
			<key>sourceTree</key>
			<string>&lt;group&gt;</string>
		</dict>
		<key>94ABDC1D16F3545B00D47E36</key>
		<dict>
			<key>fileRef</key>
			<string>94ABDC1516F3545B00D47E36</string>
			<key>isa</key>
			<string>PBXBuildFile</string>
		</dict>
		<key>94ABDC1E16F3545B00D47E36</key>
		<dict>
			<key>fileRef</key>
			<string>94ABDC1716F3545B00D47E36</string>
			<key>isa</key>
			<string>PBXBuildFile</string>
		</dict>
		<key>94ABDC2016F3545B00D47E36</key>
		<dict>
			<key>fileRef</key>
			<string>94ABDC1B16F3545B00D47E36</string>
			<key>isa</key>
			<string>PBXBuildFile</string>
		</dict>
		<key>94ABDC4B16F36E4100D47E36</key>
		<dict>
			<key>isa</key>
			<string>PBXFileReference</string>
			<key>lastKnownFileType</key>
			<string>wrapper.pb-project</string>
			<key>name</key>
			<string>TunesBar+Helper.xcodeproj</string>
			<key>path</key>
			<string>TunesBarHelper/TunesBar+Helper.xcodeproj</string>
			<key>sourceTree</key>
			<string>&lt;group&gt;</string>
		</dict>
		<key>94ABDC5116F36E6B00D47E36</key>
		<dict>
			<key>buildActionMask</key>
			<string>2147483647</string>
			<key>dstPath</key>
			<string>Contents/Library/LoginItems</string>
			<key>dstSubfolderSpec</key>
			<string>1</string>
			<key>files</key>
			<array>
				<string>AE9664B717DA617C003850B8</string>
			</array>
			<key>isa</key>
			<string>PBXCopyFilesBuildPhase</string>
			<key>name</key>
			<string>Copy Files</string>
			<key>runOnlyForDeploymentPostprocessing</key>
			<string>0</string>
		</dict>
		<key>94ABDC5316F36E9400D47E36</key>
		<dict>
			<key>isa</key>
			<string>PBXFileReference</string>
			<key>lastKnownFileType</key>
			<string>wrapper.framework</string>
			<key>name</key>
			<string>ServiceManagement.framework</string>
			<key>path</key>
			<string>System/Library/Frameworks/ServiceManagement.framework</string>
			<key>sourceTree</key>
			<string>SDKROOT</string>
		</dict>
		<key>94ABDC5416F36E9400D47E36</key>
		<dict>
			<key>fileRef</key>
			<string>94ABDC5316F36E9400D47E36</string>
			<key>isa</key>
			<string>PBXBuildFile</string>
		</dict>
		<key>94ABDC5616F3750A00D47E36</key>
		<dict>
			<key>buildActionMask</key>
			<string>2147483647</string>
			<key>files</key>
			<array/>
			<key>inputPaths</key>
			<array/>
			<key>isa</key>
			<string>PBXShellScriptBuildPhase</string>
			<key>outputPaths</key>
			<array/>
			<key>runOnlyForDeploymentPostprocessing</key>
			<string>0</string>
			<key>shellPath</key>
			<string>/bin/sh</string>
			<key>shellScript</key>
			<string>#rm -f "${BUILT_PRODUCTS_DIR}/${CONTENTS_FOLDER_PATH}/Library/LoginItems/TunesBarHelper.app/Contents/${EMBEDDED_PROFILE_NAME}"
#codesign -f -s "${CODE_SIGN_IDENTITY}" -i "org.degutis.TunesBarHelper" --entitlements "${SOURCE_ROOT}/TunesBarHelper/TunesBarHelper/TunesBarHelper.entitlements" "${BUILT_PRODUCTS_DIR}/${CONTENTS_FOLDER_PATH}/Library/LoginItems/TunesBarHelper.app"</string>
		</dict>
		<key>AE24B224198C4A420074D953</key>
		<dict>
			<key>fileEncoding</key>
			<string>4</string>
			<key>isa</key>
			<string>PBXFileReference</string>
			<key>lastKnownFileType</key>
			<string>sourcecode.c.h</string>
			<key>path</key>
			<string>FVColorArt.h</string>
			<key>sourceTree</key>
			<string>&lt;group&gt;</string>
		</dict>
		<key>AE24B225198C4A420074D953</key>
		<dict>
			<key>fileEncoding</key>
			<string>4</string>
			<key>isa</key>
			<string>PBXFileReference</string>
			<key>lastKnownFileType</key>
			<string>sourcecode.c.objc</string>
			<key>path</key>
			<string>FVColorArt.m</string>
			<key>sourceTree</key>
			<string>&lt;group&gt;</string>
		</dict>
		<key>AE24B226198C4A420074D953</key>
		<dict>
			<key>fileRef</key>
			<string>AE24B225198C4A420074D953</string>
			<key>isa</key>
			<string>PBXBuildFile</string>
		</dict>
		<key>AE24B227198C6CC70074D953</key>
		<dict>
			<key>children</key>
			<array>
				<string>AE8479981990E2DD0066C1BC</string>
				<string>AE8479851990E2B50066C1BC</string>
			</array>
			<key>isa</key>
			<string>PBXGroup</string>
			<key>name</key>
			<string>External</string>
			<key>sourceTree</key>
			<string>&lt;group&gt;</string>
		</dict>
		<key>AE24B23F198C72010074D953</key>
		<dict>
			<key>fileEncoding</key>
			<string>4</string>
			<key>isa</key>
			<string>PBXFileReference</string>
			<key>lastKnownFileType</key>
			<string>sourcecode.c.h</string>
			<key>path</key>
			<string>DCOTransparentScroller.h</string>
			<key>sourceTree</key>
			<string>&lt;group&gt;</string>
		</dict>
		<key>AE24B240198C72010074D953</key>
		<dict>
			<key>fileEncoding</key>
			<string>4</string>
			<key>isa</key>
			<string>PBXFileReference</string>
			<key>lastKnownFileType</key>
			<string>sourcecode.c.objc</string>
			<key>path</key>
			<string>DCOTransparentScroller.m</string>
			<key>sourceTree</key>
			<string>&lt;group&gt;</string>
		</dict>
		<key>AE24B241198C72010074D953</key>
		<dict>
			<key>fileEncoding</key>
			<string>4</string>
			<key>isa</key>
			<string>PBXFileReference</string>
			<key>lastKnownFileType</key>
			<string>sourcecode.c.h</string>
			<key>path</key>
			<string>DCOTransparentScrollView.h</string>
			<key>sourceTree</key>
			<string>&lt;group&gt;</string>
		</dict>
		<key>AE24B242198C72010074D953</key>
		<dict>
			<key>fileEncoding</key>
			<string>4</string>
			<key>isa</key>
			<string>PBXFileReference</string>
			<key>lastKnownFileType</key>
			<string>sourcecode.c.objc</string>
			<key>path</key>
			<string>DCOTransparentScrollView.m</string>
			<key>sourceTree</key>
			<string>&lt;group&gt;</string>
		</dict>
		<key>AE24B243198C72010074D953</key>
		<dict>
			<key>fileRef</key>
			<string>AE24B240198C72010074D953</string>
			<key>isa</key>
			<string>PBXBuildFile</string>
		</dict>
		<key>AE24B244198C72010074D953</key>
		<dict>
			<key>fileRef</key>
			<string>AE24B242198C72010074D953</string>
			<key>isa</key>
			<string>PBXBuildFile</string>
		</dict>
		<key>AE24B245198C72240074D953</key>
		<dict>
			<key>fileEncoding</key>
			<string>4</string>
			<key>isa</key>
			<string>PBXFileReference</string>
			<key>lastKnownFileType</key>
			<string>sourcecode.c.h</string>
			<key>path</key>
			<string>DCOAboutWindowController.h</string>
			<key>sourceTree</key>
			<string>&lt;group&gt;</string>
		</dict>
		<key>AE24B246198C72240074D953</key>
		<dict>
			<key>fileEncoding</key>
			<string>4</string>
			<key>isa</key>
			<string>PBXFileReference</string>
			<key>lastKnownFileType</key>
			<string>sourcecode.c.objc</string>
			<key>path</key>
			<string>DCOAboutWindowController.m</string>
			<key>sourceTree</key>
			<string>&lt;group&gt;</string>
		</dict>
		<key>AE24B247198C72240074D953</key>
		<dict>
			<key>fileRef</key>
			<string>AE24B246198C72240074D953</string>
			<key>isa</key>
			<string>PBXBuildFile</string>
		</dict>
		<key>AE24B248198C723C0074D953</key>
		<dict>
			<key>fileEncoding</key>
			<string>4</string>
			<key>isa</key>
			<string>PBXFileReference</string>
			<key>lastKnownFileType</key>
			<string>file.xib</string>
			<key>path</key>
			<string>DCOAboutWindow.xib</string>
			<key>sourceTree</key>
			<string>&lt;group&gt;</string>
		</dict>
		<key>AE24B249198C723C0074D953</key>
		<dict>
			<key>fileRef</key>
			<string>AE24B248198C723C0074D953</string>
			<key>isa</key>
			<string>PBXBuildFile</string>
		</dict>
		<key>AE24B24A198D8FBA0074D953</key>
		<dict>
			<key>fileEncoding</key>
			<string>4</string>
			<key>isa</key>
			<string>PBXFileReference</string>
			<key>lastKnownFileType</key>
			<string>text.rtf</string>
			<key>path</key>
			<string>Acknowledgments.rtf</string>
			<key>sourceTree</key>
			<string>&lt;group&gt;</string>
		</dict>
		<key>AE24B24B198D8FBA0074D953</key>
		<dict>
			<key>fileRef</key>
			<string>AE24B24A198D8FBA0074D953</string>
			<key>isa</key>
			<string>PBXBuildFile</string>
		</dict>
		<key>AE24B291198FD3570074D953</key>
		<dict>
			<key>fileEncoding</key>
			<string>4</string>
			<key>isa</key>
			<string>PBXFileReference</string>
			<key>lastKnownFileType</key>
			<string>sourcecode.c.h</string>
			<key>path</key>
			<string>NSColor+FVAdditions.h</string>
			<key>sourceTree</key>
			<string>&lt;group&gt;</string>
		</dict>
		<key>AE24B292198FD3570074D953</key>
		<dict>
			<key>fileEncoding</key>
			<string>4</string>
			<key>isa</key>
			<string>PBXFileReference</string>
			<key>lastKnownFileType</key>
			<string>sourcecode.c.objc</string>
			<key>path</key>
			<string>NSColor+FVAdditions.m</string>
			<key>sourceTree</key>
			<string>&lt;group&gt;</string>
		</dict>
		<key>AE24B293198FD3570074D953</key>
		<dict>
			<key>fileRef</key>
			<string>AE24B292198FD3570074D953</string>
			<key>isa</key>
			<string>PBXBuildFile</string>
		</dict>
		<key>AE24B29519902E8D0074D953</key>
		<dict>
			<key>fileEncoding</key>
			<string>4</string>
			<key>isa</key>
			<string>PBXFileReference</string>
			<key>lastKnownFileType</key>
			<string>sourcecode.c.h</string>
			<key>path</key>
			<string>CIImage+SoftwareBitmapRep.h</string>
			<key>sourceTree</key>
			<string>&lt;group&gt;</string>
		</dict>
		<key>AE24B29619902E8D0074D953</key>
		<dict>
			<key>fileEncoding</key>
			<string>4</string>
			<key>isa</key>
			<string>PBXFileReference</string>
			<key>lastKnownFileType</key>
			<string>sourcecode.c.objc</string>
			<key>path</key>
			<string>CIImage+SoftwareBitmapRep.m</string>
			<key>sourceTree</key>
			<string>&lt;group&gt;</string>
		</dict>
		<key>AE24B29719902E8D0074D953</key>
		<dict>
			<key>fileRef</key>
			<string>AE24B29619902E8D0074D953</string>
			<key>isa</key>
			<string>PBXBuildFile</string>
		</dict>
		<key>AE6E5F681982F81800D480B4</key>
		<dict>
			<key>fileEncoding</key>
			<string>4</string>
			<key>isa</key>
			<string>PBXFileReference</string>
			<key>lastKnownFileType</key>
			<string>sourcecode.c.h</string>
			<key>path</key>
			<string>SDTBHUDViewController.h</string>
			<key>sourceTree</key>
			<string>&lt;group&gt;</string>
		</dict>
		<key>AE6E5F691982F81800D480B4</key>
		<dict>
			<key>fileEncoding</key>
			<string>4</string>
			<key>isa</key>
			<string>PBXFileReference</string>
			<key>lastKnownFileType</key>
			<string>sourcecode.c.objc</string>
			<key>path</key>
			<string>SDTBHUDViewController.m</string>
			<key>sourceTree</key>
			<string>&lt;group&gt;</string>
		</dict>
		<key>AE6E5F6B1982F81800D480B4</key>
		<dict>
			<key>fileRef</key>
			<string>AE6E5F691982F81800D480B4</string>
			<key>isa</key>
			<string>PBXBuildFile</string>
		</dict>
		<key>AE6E5F6D1982FB8600D480B4</key>
		<dict>
			<key>fileEncoding</key>
			<string>4</string>
			<key>isa</key>
			<string>PBXFileReference</string>
			<key>lastKnownFileType</key>
			<string>file.xib</string>
			<key>path</key>
			<string>SDTBHUDViewController.xib</string>
			<key>sourceTree</key>
			<string>&lt;group&gt;</string>
		</dict>
		<key>AE6E5F6E1982FB8600D480B4</key>
		<dict>
			<key>fileRef</key>
			<string>AE6E5F6D1982FB8600D480B4</string>
			<key>isa</key>
			<string>PBXBuildFile</string>
		</dict>
		<key>AE6E5F6F1983AB4E00D480B4</key>
		<dict>
			<key>fileEncoding</key>
			<string>4</string>
			<key>isa</key>
			<string>PBXFileReference</string>
			<key>lastKnownFileType</key>
			<string>sourcecode.c.h</string>
			<key>path</key>
			<string>SDTBMenuViewController.h</string>
			<key>sourceTree</key>
			<string>&lt;group&gt;</string>
		</dict>
		<key>AE6E5F701983AB4E00D480B4</key>
		<dict>
			<key>fileEncoding</key>
			<string>4</string>
			<key>isa</key>
			<string>PBXFileReference</string>
			<key>lastKnownFileType</key>
			<string>sourcecode.c.objc</string>
			<key>path</key>
			<string>SDTBMenuViewController.m</string>
			<key>sourceTree</key>
			<string>&lt;group&gt;</string>
		</dict>
		<key>AE6E5F711983AB4E00D480B4</key>
		<dict>
			<key>fileEncoding</key>
			<string>4</string>
			<key>isa</key>
			<string>PBXFileReference</string>
			<key>lastKnownFileType</key>
			<string>file.xib</string>
			<key>path</key>
			<string>SDTBMenuViewController.xib</string>
			<key>sourceTree</key>
			<string>&lt;group&gt;</string>
		</dict>
		<key>AE6E5F721983AB4E00D480B4</key>
		<dict>
			<key>fileRef</key>
			<string>AE6E5F701983AB4E00D480B4</string>
			<key>isa</key>
			<string>PBXBuildFile</string>
		</dict>
		<key>AE6E5F731983AB4E00D480B4</key>
		<dict>
			<key>fileRef</key>
			<string>AE6E5F711983AB4E00D480B4</string>
			<key>isa</key>
			<string>PBXBuildFile</string>
		</dict>
		<key>AE6E5F741983D65500D480B4</key>
		<dict>
			<key>fileEncoding</key>
			<string>4</string>
			<key>isa</key>
			<string>PBXFileReference</string>
			<key>lastKnownFileType</key>
			<string>sourcecode.c.h</string>
			<key>path</key>
			<string>SDTBStartITunesViewController.h</string>
			<key>sourceTree</key>
			<string>&lt;group&gt;</string>
		</dict>
		<key>AE6E5F751983D65500D480B4</key>
		<dict>
			<key>fileEncoding</key>
			<string>4</string>
			<key>isa</key>
			<string>PBXFileReference</string>
			<key>lastKnownFileType</key>
			<string>sourcecode.c.objc</string>
			<key>path</key>
			<string>SDTBStartITunesViewController.m</string>
			<key>sourceTree</key>
			<string>&lt;group&gt;</string>
		</dict>
		<key>AE6E5F761983D65500D480B4</key>
		<dict>
			<key>fileEncoding</key>
			<string>4</string>
			<key>isa</key>
			<string>PBXFileReference</string>
			<key>lastKnownFileType</key>
			<string>file.xib</string>
			<key>path</key>
			<string>SDTBStartITunesViewController.xib</string>
			<key>sourceTree</key>
			<string>&lt;group&gt;</string>
		</dict>
		<key>AE6E5F771983D65500D480B4</key>
		<dict>
			<key>fileRef</key>
			<string>AE6E5F751983D65500D480B4</string>
			<key>isa</key>
			<string>PBXBuildFile</string>
		</dict>
		<key>AE6E5F781983D65500D480B4</key>
		<dict>
			<key>fileRef</key>
			<string>AE6E5F761983D65500D480B4</string>
			<key>isa</key>
			<string>PBXBuildFile</string>
		</dict>
		<key>AE6E5F791983DF3400D480B4</key>
		<dict>
			<key>fileEncoding</key>
			<string>4</string>
			<key>isa</key>
			<string>PBXFileReference</string>
			<key>lastKnownFileType</key>
			<string>sourcecode.c.h</string>
			<key>path</key>
			<string>NSAttributedString+FontAwesome.h</string>
			<key>sourceTree</key>
			<string>&lt;group&gt;</string>
		</dict>
		<key>AE6E5F7A1983DF3400D480B4</key>
		<dict>
			<key>fileEncoding</key>
			<string>4</string>
			<key>isa</key>
			<string>PBXFileReference</string>
			<key>lastKnownFileType</key>
			<string>sourcecode.c.objc</string>
			<key>path</key>
			<string>NSAttributedString+FontAwesome.m</string>
			<key>sourceTree</key>
			<string>&lt;group&gt;</string>
		</dict>
		<key>AE6E5F7B1983DF3400D480B4</key>
		<dict>
			<key>fileRef</key>
			<string>AE6E5F7A1983DF3400D480B4</string>
			<key>isa</key>
			<string>PBXBuildFile</string>
		</dict>
		<key>AE6E5F7C198418A600D480B4</key>
		<dict>
			<key>fileEncoding</key>
			<string>4</string>
			<key>isa</key>
			<string>PBXFileReference</string>
			<key>lastKnownFileType</key>
			<string>sourcecode.c.h</string>
			<key>path</key>
			<string>NSWindow+Fade.h</string>
			<key>sourceTree</key>
			<string>&lt;group&gt;</string>
		</dict>
		<key>AE6E5F7D198418A600D480B4</key>
		<dict>
			<key>fileEncoding</key>
			<string>4</string>
			<key>isa</key>
			<string>PBXFileReference</string>
			<key>lastKnownFileType</key>
			<string>sourcecode.c.objc</string>
			<key>path</key>
			<string>NSWindow+Fade.m</string>
			<key>sourceTree</key>
			<string>&lt;group&gt;</string>
		</dict>
		<key>AE6E5F7E198418A600D480B4</key>
		<dict>
			<key>fileRef</key>
			<string>AE6E5F7D198418A600D480B4</string>
			<key>isa</key>
			<string>PBXBuildFile</string>
		</dict>
		<key>AE6E5F7F19842D3F00D480B4</key>
		<dict>
			<key>fileEncoding</key>
			<string>4</string>
			<key>isa</key>
			<string>PBXFileReference</string>
			<key>lastKnownFileType</key>
			<string>sourcecode.c.h</string>
			<key>path</key>
			<string>SDTBWindowView.h</string>
			<key>sourceTree</key>
			<string>&lt;group&gt;</string>
		</dict>
		<key>AE6E5F8019842D3F00D480B4</key>
		<dict>
			<key>fileEncoding</key>
			<string>4</string>
			<key>isa</key>
			<string>PBXFileReference</string>
			<key>lastKnownFileType</key>
			<string>sourcecode.c.objc</string>
			<key>path</key>
			<string>SDTBWindowView.m</string>
			<key>sourceTree</key>
			<string>&lt;group&gt;</string>
		</dict>
		<key>AE6E5F8119842D3F00D480B4</key>
		<dict>
			<key>fileRef</key>
			<string>AE6E5F8019842D3F00D480B4</string>
			<key>isa</key>
			<string>PBXBuildFile</string>
		</dict>
		<key>AE6E5F8A1984612300D480B4</key>
		<dict>
			<key>isa</key>
			<string>PBXFileReference</string>
			<key>lastKnownFileType</key>
			<string>sourcecode.c.h</string>
			<key>path</key>
			<string>Constants.h</string>
			<key>sourceTree</key>
			<string>&lt;group&gt;</string>
		</dict>
		<key>AE6E5F8B198462FC00D480B4</key>
		<dict>
			<key>fileEncoding</key>
			<string>4</string>
			<key>isa</key>
			<string>PBXFileReference</string>
			<key>lastKnownFileType</key>
			<string>sourcecode.c.objc</string>
			<key>path</key>
			<string>Constants.m</string>
			<key>sourceTree</key>
			<string>&lt;group&gt;</string>
		</dict>
		<key>AE6E5F8C198462FC00D480B4</key>
		<dict>
			<key>fileRef</key>
			<string>AE6E5F8B198462FC00D480B4</string>
			<key>isa</key>
			<string>PBXBuildFile</string>
		</dict>
		<key>AE6E5F9D1984795D00D480B4</key>
		<dict>
			<key>isa</key>
			<string>PBXFileReference</string>
			<key>lastKnownFileType</key>
			<string>image.png</string>
			<key>path</key>
			<string>forward20x20.png</string>
			<key>sourceTree</key>
			<string>&lt;group&gt;</string>
		</dict>
		<key>AE6E5F9E1984795D00D480B4</key>
		<dict>
			<key>isa</key>
			<string>PBXFileReference</string>
			<key>lastKnownFileType</key>
			<string>image.png</string>
			<key>path</key>
			<string>forward20x20@2x.png</string>
			<key>sourceTree</key>
			<string>&lt;group&gt;</string>
		</dict>
		<key>AE6E5F9F1984795D00D480B4</key>
		<dict>
			<key>isa</key>
			<string>PBXFileReference</string>
			<key>lastKnownFileType</key>
			<string>image.png</string>
			<key>path</key>
			<string>pause20x20.png</string>
			<key>sourceTree</key>
			<string>&lt;group&gt;</string>
		</dict>
		<key>AE6E5FA01984795D00D480B4</key>
		<dict>
			<key>isa</key>
			<string>PBXFileReference</string>
			<key>lastKnownFileType</key>
			<string>image.png</string>
			<key>path</key>
			<string>pause20x20@2x.png</string>
			<key>sourceTree</key>
			<string>&lt;group&gt;</string>
		</dict>
		<key>AE6E5FA11984795D00D480B4</key>
		<dict>
			<key>isa</key>
			<string>PBXFileReference</string>
			<key>lastKnownFileType</key>
			<string>image.png</string>
			<key>path</key>
			<string>play20x20.png</string>
			<key>sourceTree</key>
			<string>&lt;group&gt;</string>
		</dict>
		<key>AE6E5FA21984795D00D480B4</key>
		<dict>
			<key>isa</key>
			<string>PBXFileReference</string>
			<key>lastKnownFileType</key>
			<string>image.png</string>
			<key>path</key>
			<string>play20x20@2x.png</string>
			<key>sourceTree</key>
			<string>&lt;group&gt;</string>
		</dict>
		<key>AE6E5FA31984795D00D480B4</key>
		<dict>
			<key>isa</key>
			<string>PBXFileReference</string>
			<key>lastKnownFileType</key>
			<string>image.png</string>
			<key>path</key>
			<string>rewind20x20.png</string>
			<key>sourceTree</key>
			<string>&lt;group&gt;</string>
		</dict>
		<key>AE6E5FA41984795D00D480B4</key>
		<dict>
			<key>isa</key>
			<string>PBXFileReference</string>
			<key>lastKnownFileType</key>
			<string>image.png</string>
			<key>path</key>
			<string>rewind20x20@2x.png</string>
			<key>sourceTree</key>
			<string>&lt;group&gt;</string>
		</dict>
		<key>AE6E5FA51984795D00D480B4</key>
		<dict>
			<key>fileRef</key>
			<string>AE6E5F9D1984795D00D480B4</string>
			<key>isa</key>
			<string>PBXBuildFile</string>
		</dict>
		<key>AE6E5FA61984795D00D480B4</key>
		<dict>
			<key>fileRef</key>
			<string>AE6E5F9E1984795D00D480B4</string>
			<key>isa</key>
			<string>PBXBuildFile</string>
		</dict>
		<key>AE6E5FA71984795D00D480B4</key>
		<dict>
			<key>fileRef</key>
			<string>AE6E5F9F1984795D00D480B4</string>
			<key>isa</key>
			<string>PBXBuildFile</string>
		</dict>
		<key>AE6E5FA81984795D00D480B4</key>
		<dict>
			<key>fileRef</key>
			<string>AE6E5FA01984795D00D480B4</string>
			<key>isa</key>
			<string>PBXBuildFile</string>
		</dict>
		<key>AE6E5FA91984795D00D480B4</key>
		<dict>
			<key>fileRef</key>
			<string>AE6E5FA11984795D00D480B4</string>
			<key>isa</key>
			<string>PBXBuildFile</string>
		</dict>
		<key>AE6E5FAA1984795D00D480B4</key>
		<dict>
			<key>fileRef</key>
			<string>AE6E5FA21984795D00D480B4</string>
			<key>isa</key>
			<string>PBXBuildFile</string>
		</dict>
		<key>AE6E5FAB1984795D00D480B4</key>
		<dict>
			<key>fileRef</key>
			<string>AE6E5FA31984795D00D480B4</string>
			<key>isa</key>
			<string>PBXBuildFile</string>
		</dict>
		<key>AE6E5FAC1984795D00D480B4</key>
		<dict>
			<key>fileRef</key>
			<string>AE6E5FA41984795D00D480B4</string>
			<key>isa</key>
			<string>PBXBuildFile</string>
		</dict>
		<key>AE6E5FB31986EE1800D480B4</key>
		<dict>
			<key>fileEncoding</key>
			<string>4</string>
			<key>isa</key>
			<string>PBXFileReference</string>
			<key>lastKnownFileType</key>
			<string>sourcecode.c.h</string>
			<key>path</key>
			<string>NSImage+Template.h</string>
			<key>sourceTree</key>
			<string>&lt;group&gt;</string>
		</dict>
		<key>AE6E5FB41986EE1800D480B4</key>
		<dict>
			<key>fileEncoding</key>
			<string>4</string>
			<key>isa</key>
			<string>PBXFileReference</string>
			<key>lastKnownFileType</key>
			<string>sourcecode.c.objc</string>
			<key>path</key>
			<string>NSImage+Template.m</string>
			<key>sourceTree</key>
			<string>&lt;group&gt;</string>
		</dict>
		<key>AE6E5FB51986EE1800D480B4</key>
		<dict>
			<key>fileRef</key>
			<string>AE6E5FB41986EE1800D480B4</string>
			<key>isa</key>
			<string>PBXBuildFile</string>
		</dict>
		<key>AE6E5FB719872A0800D480B4</key>
		<dict>
			<key>fileEncoding</key>
			<string>4</string>
			<key>isa</key>
			<string>PBXFileReference</string>
			<key>lastKnownFileType</key>
			<string>sourcecode.c.h</string>
			<key>path</key>
			<string>NSData+MD5.h</string>
			<key>sourceTree</key>
			<string>&lt;group&gt;</string>
		</dict>
		<key>AE6E5FB819872A0800D480B4</key>
		<dict>
			<key>fileEncoding</key>
			<string>4</string>
			<key>isa</key>
			<string>PBXFileReference</string>
			<key>lastKnownFileType</key>
			<string>sourcecode.c.objc</string>
			<key>path</key>
			<string>NSData+MD5.m</string>
			<key>sourceTree</key>
			<string>&lt;group&gt;</string>
		</dict>
		<key>AE6E5FB919872A0800D480B4</key>
		<dict>
			<key>fileRef</key>
			<string>AE6E5FB819872A0800D480B4</string>
			<key>isa</key>
			<string>PBXBuildFile</string>
		</dict>
		<key>AE6E738919CC7CFA007C0D47</key>
		<dict>
			<key>isa</key>
			<string>PBXFileReference</string>
			<key>lastKnownFileType</key>
			<string>folder.assetcatalog</string>
			<key>path</key>
			<string>icons.xcassets</string>
			<key>sourceTree</key>
			<string>&lt;group&gt;</string>
		</dict>
		<key>AE6E738A19CC7CFA007C0D47</key>
		<dict>
			<key>fileRef</key>
			<string>AE6E738919CC7CFA007C0D47</string>
			<key>isa</key>
			<string>PBXBuildFile</string>
		</dict>
		<key>AE703F5B19733E27005C5212</key>
		<dict>
			<key>isa</key>
			<string>PBXFileReference</string>
			<key>lastKnownFileType</key>
			<string>file</string>
			<key>path</key>
			<string>fontawesome-webfont.ttf</string>
			<key>sourceTree</key>
			<string>&lt;group&gt;</string>
		</dict>
		<key>AE703F5C19733E27005C5212</key>
		<dict>
			<key>fileRef</key>
			<string>AE703F5B19733E27005C5212</string>
			<key>isa</key>
			<string>PBXBuildFile</string>
		</dict>
		<key>AE8479851990E2B50066C1BC</key>
		<dict>
			<key>children</key>
			<array>
				<string>AE24B23F198C72010074D953</string>
				<string>AE24B240198C72010074D953</string>
				<string>AE24B241198C72010074D953</string>
				<string>AE24B242198C72010074D953</string>
				<string>AE24B245198C72240074D953</string>
				<string>AE24B246198C72240074D953</string>
				<string>AE24B248198C723C0074D953</string>
			</array>
			<key>isa</key>
			<string>PBXGroup</string>
			<key>name</key>
			<string>Danger Cove</string>
			<key>sourceTree</key>
			<string>&lt;group&gt;</string>
		</dict>
		<key>AE8479871990E2D60066C1BC</key>
		<dict>
			<key>fileEncoding</key>
			<string>4</string>
			<key>isa</key>
			<string>PBXFileReference</string>
			<key>lastKnownFileType</key>
			<string>sourcecode.c.h</string>
			<key>path</key>
			<string>CNGridView.h</string>
			<key>sourceTree</key>
			<string>&lt;group&gt;</string>
		</dict>
		<key>AE8479881990E2D60066C1BC</key>
		<dict>
			<key>fileEncoding</key>
			<string>4</string>
			<key>isa</key>
			<string>PBXFileReference</string>
			<key>lastKnownFileType</key>
			<string>sourcecode.c.objc</string>
			<key>path</key>
			<string>CNGridView.m</string>
			<key>sourceTree</key>
			<string>&lt;group&gt;</string>
		</dict>
		<key>AE8479891990E2D60066C1BC</key>
		<dict>
			<key>fileEncoding</key>
			<string>4</string>
			<key>isa</key>
			<string>PBXFileReference</string>
			<key>lastKnownFileType</key>
			<string>sourcecode.c.h</string>
			<key>path</key>
			<string>CNGridViewDefinitions.h</string>
			<key>sourceTree</key>
			<string>&lt;group&gt;</string>
		</dict>
		<key>AE84798A1990E2D60066C1BC</key>
		<dict>
			<key>fileEncoding</key>
			<string>4</string>
			<key>isa</key>
			<string>PBXFileReference</string>
			<key>lastKnownFileType</key>
			<string>sourcecode.c.h</string>
			<key>path</key>
			<string>CNGridViewDelegate.h</string>
			<key>sourceTree</key>
			<string>&lt;group&gt;</string>
		</dict>
		<key>AE84798B1990E2D60066C1BC</key>
		<dict>
			<key>fileEncoding</key>
			<string>4</string>
			<key>isa</key>
			<string>PBXFileReference</string>
			<key>lastKnownFileType</key>
			<string>sourcecode.c.h</string>
			<key>path</key>
			<string>CNGridViewItem.h</string>
			<key>sourceTree</key>
			<string>&lt;group&gt;</string>
		</dict>
		<key>AE84798C1990E2D60066C1BC</key>
		<dict>
			<key>fileEncoding</key>
			<string>4</string>
			<key>isa</key>
			<string>PBXFileReference</string>
			<key>lastKnownFileType</key>
			<string>sourcecode.c.objc</string>
			<key>path</key>
			<string>CNGridViewItem.m</string>
			<key>sourceTree</key>
			<string>&lt;group&gt;</string>
		</dict>
		<key>AE84798D1990E2D60066C1BC</key>
		<dict>
			<key>fileEncoding</key>
			<string>4</string>
			<key>isa</key>
			<string>PBXFileReference</string>
			<key>lastKnownFileType</key>
			<string>sourcecode.c.h</string>
			<key>path</key>
			<string>CNGridViewItemLayout.h</string>
			<key>sourceTree</key>
			<string>&lt;group&gt;</string>
		</dict>
		<key>AE84798E1990E2D60066C1BC</key>
		<dict>
			<key>fileEncoding</key>
			<string>4</string>
			<key>isa</key>
			<string>PBXFileReference</string>
			<key>lastKnownFileType</key>
			<string>sourcecode.c.objc</string>
			<key>path</key>
			<string>CNGridViewItemLayout.m</string>
			<key>sourceTree</key>
			<string>&lt;group&gt;</string>
		</dict>
		<key>AE84798F1990E2D60066C1BC</key>
		<dict>
			<key>fileEncoding</key>
			<string>4</string>
			<key>isa</key>
			<string>PBXFileReference</string>
			<key>lastKnownFileType</key>
			<string>sourcecode.c.h</string>
			<key>path</key>
			<string>NSColor+CNGridViewPalette.h</string>
			<key>sourceTree</key>
			<string>&lt;group&gt;</string>
		</dict>
		<key>AE8479901990E2D60066C1BC</key>
		<dict>
			<key>fileEncoding</key>
			<string>4</string>
			<key>isa</key>
			<string>PBXFileReference</string>
			<key>lastKnownFileType</key>
			<string>sourcecode.c.objc</string>
			<key>path</key>
			<string>NSColor+CNGridViewPalette.m</string>
			<key>sourceTree</key>
			<string>&lt;group&gt;</string>
		</dict>
		<key>AE8479911990E2D60066C1BC</key>
		<dict>
			<key>fileEncoding</key>
			<string>4</string>
			<key>isa</key>
			<string>PBXFileReference</string>
			<key>lastKnownFileType</key>
			<string>sourcecode.c.h</string>
			<key>path</key>
			<string>NSView+CNGridView.h</string>
			<key>sourceTree</key>
			<string>&lt;group&gt;</string>
		</dict>
		<key>AE8479921990E2D60066C1BC</key>
		<dict>
			<key>fileEncoding</key>
			<string>4</string>
			<key>isa</key>
			<string>PBXFileReference</string>
			<key>lastKnownFileType</key>
			<string>sourcecode.c.objc</string>
			<key>path</key>
			<string>NSView+CNGridView.m</string>
			<key>sourceTree</key>
			<string>&lt;group&gt;</string>
		</dict>
		<key>AE8479931990E2D60066C1BC</key>
		<dict>
			<key>fileRef</key>
			<string>AE8479881990E2D60066C1BC</string>
			<key>isa</key>
			<string>PBXBuildFile</string>
		</dict>
		<key>AE8479941990E2D60066C1BC</key>
		<dict>
			<key>fileRef</key>
			<string>AE84798C1990E2D60066C1BC</string>
			<key>isa</key>
			<string>PBXBuildFile</string>
		</dict>
		<key>AE8479951990E2D60066C1BC</key>
		<dict>
			<key>fileRef</key>
			<string>AE84798E1990E2D60066C1BC</string>
			<key>isa</key>
			<string>PBXBuildFile</string>
		</dict>
		<key>AE8479961990E2D60066C1BC</key>
		<dict>
			<key>fileRef</key>
			<string>AE8479901990E2D60066C1BC</string>
			<key>isa</key>
			<string>PBXBuildFile</string>
		</dict>
		<key>AE8479971990E2D60066C1BC</key>
		<dict>
			<key>fileRef</key>
			<string>AE8479921990E2D60066C1BC</string>
			<key>isa</key>
			<string>PBXBuildFile</string>
		</dict>
		<key>AE8479981990E2DD0066C1BC</key>
		<dict>
			<key>children</key>
			<array>
				<string>AE8479871990E2D60066C1BC</string>
				<string>AE8479881990E2D60066C1BC</string>
				<string>AE8479891990E2D60066C1BC</string>
				<string>AE84798A1990E2D60066C1BC</string>
				<string>AE84798B1990E2D60066C1BC</string>
				<string>AE84798C1990E2D60066C1BC</string>
				<string>AE84798D1990E2D60066C1BC</string>
				<string>AE84798E1990E2D60066C1BC</string>
				<string>AE84798F1990E2D60066C1BC</string>
				<string>AE8479901990E2D60066C1BC</string>
				<string>AE8479911990E2D60066C1BC</string>
				<string>AE8479921990E2D60066C1BC</string>
			</array>
			<key>isa</key>
			<string>PBXGroup</string>
			<key>name</key>
			<string>Cocoa:Nauts</string>
			<key>sourceTree</key>
			<string>&lt;group&gt;</string>
		</dict>
		<key>AE8479991990EE530066C1BC</key>
		<dict>
			<key>fileEncoding</key>
			<string>4</string>
			<key>isa</key>
			<string>PBXFileReference</string>
			<key>lastKnownFileType</key>
			<string>sourcecode.c.h</string>
			<key>path</key>
			<string>SDTBPlaylistItemView.h</string>
			<key>sourceTree</key>
			<string>&lt;group&gt;</string>
		</dict>
		<key>AE84799A1990EE530066C1BC</key>
		<dict>
			<key>fileEncoding</key>
			<string>4</string>
			<key>isa</key>
			<string>PBXFileReference</string>
			<key>lastKnownFileType</key>
			<string>sourcecode.c.objc</string>
			<key>path</key>
			<string>SDTBPlaylistItemView.m</string>
			<key>sourceTree</key>
			<string>&lt;group&gt;</string>
		</dict>
		<key>AE84799B1990EE530066C1BC</key>
		<dict>
			<key>fileRef</key>
			<string>AE84799A1990EE530066C1BC</string>
			<key>isa</key>
			<string>PBXBuildFile</string>
		</dict>
		<key>AE95DD9017D8E3D300AA7809</key>
		<dict>
			<key>children</key>
			<array>
				<string>AE95DD9417D8E3D300AA7809</string>
			</array>
			<key>isa</key>
			<string>PBXGroup</string>
			<key>name</key>
			<string>Products</string>
			<key>sourceTree</key>
			<string>&lt;group&gt;</string>
		</dict>
		<key>AE95DD9317D8E3D300AA7809</key>
		<dict>
			<key>containerPortal</key>
			<string>94ABDC4B16F36E4100D47E36</string>
			<key>isa</key>
			<string>PBXContainerItemProxy</string>
			<key>proxyType</key>
			<string>2</string>
			<key>remoteGlobalIDString</key>
			<string>94ABDC2B16F36E4100D47E36</string>
			<key>remoteInfo</key>
			<string>TunesBar+Helper</string>
		</dict>
		<key>AE95DD9417D8E3D300AA7809</key>
		<dict>
			<key>fileType</key>
			<string>wrapper.application</string>
			<key>isa</key>
			<string>PBXReferenceProxy</string>
			<key>path</key>
			<string>TunesBar+Helper.app</string>
			<key>remoteRef</key>
			<string>AE95DD9317D8E3D300AA7809</string>
			<key>sourceTree</key>
			<string>BUILT_PRODUCTS_DIR</string>
		</dict>
		<key>AE95DD9517D8E99C00AA7809</key>
		<dict>
			<key>fileEncoding</key>
			<string>4</string>
			<key>isa</key>
			<string>PBXFileReference</string>
			<key>lastKnownFileType</key>
			<string>text.xml</string>
			<key>path</key>
			<string>TunesBar+.entitlements</string>
			<key>sourceTree</key>
			<string>&lt;group&gt;</string>
		</dict>
		<key>AE95DD9617D8E99C00AA7809</key>
		<dict>
			<key>fileRef</key>
			<string>AE95DD9517D8E99C00AA7809</string>
			<key>isa</key>
			<string>PBXBuildFile</string>
		</dict>
		<key>AE9664B717DA617C003850B8</key>
		<dict>
			<key>fileRef</key>
			<string>AE95DD9417D8E3D300AA7809</string>
			<key>isa</key>
			<string>PBXBuildFile</string>
		</dict>
		<key>AE975E9117D796680053BFAF</key>
		<dict>
			<key>isa</key>
			<string>PBXFileReference</string>
			<key>lastKnownFileType</key>
			<string>image.png</string>
			<key>path</key>
			<string>sd_intro2.png</string>
			<key>sourceTree</key>
			<string>&lt;group&gt;</string>
		</dict>
		<key>AE975E9217D796680053BFAF</key>
		<dict>
			<key>fileRef</key>
			<string>AE975E9117D796680053BFAF</string>
			<key>isa</key>
			<string>PBXBuildFile</string>
		</dict>
		<key>AEC19ABE17DB5DFF00226CD9</key>
		<dict>
			<key>isa</key>
			<string>PBXFileReference</string>
			<key>lastKnownFileType</key>
			<string>text.rtf</string>
			<key>name</key>
			<string>en</string>
			<key>path</key>
			<string>en.lproj/Credits.rtf</string>
			<key>sourceTree</key>
			<string>&lt;group&gt;</string>
		</dict>
		<key>AEC19ABF17DB5DFF00226CD9</key>
		<dict>
			<key>children</key>
			<array>
				<string>AEC19ABE17DB5DFF00226CD9</string>
			</array>
			<key>isa</key>
			<string>PBXVariantGroup</string>
			<key>name</key>
			<string>Credits.rtf</string>
			<key>path</key>
			<string>TunesBarHelper/TunesBarHelper</string>
			<key>sourceTree</key>
			<string>SOURCE_ROOT</string>
		</dict>
		<key>AEC19AC017DB5DFF00226CD9</key>
		<dict>
			<key>fileRef</key>
			<string>AEC19ABF17DB5DFF00226CD9</string>
			<key>isa</key>
			<string>PBXBuildFile</string>
		</dict>
		<key>AEC19AC117DB5FD600226CD9</key>
		<dict>
			<key>fileEncoding</key>
			<string>4</string>
			<key>isa</key>
			<string>PBXFileReference</string>
			<key>lastKnownFileType</key>
			<string>text.html</string>
			<key>path</key>
			<string>Credits.html</string>
			<key>sourceTree</key>
			<string>&lt;group&gt;</string>
		</dict>
		<key>AEC19AC217DB5FD600226CD9</key>
		<dict>
			<key>fileRef</key>
			<string>AEC19AC117DB5FD600226CD9</string>
			<key>isa</key>
			<string>PBXBuildFile</string>
		</dict>
		<key>AEC19AC317DB9FBF00226CD9</key>
		<dict>
			<key>isa</key>
			<string>PBXFileReference</string>
			<key>lastKnownFileType</key>
			<string>folder.iconset</string>
			<key>path</key>
			<string>TunesBar+.iconset</string>
			<key>sourceTree</key>
			<string>&lt;group&gt;</string>
		</dict>
		<key>AEC19AC417DB9FBF00226CD9</key>
		<dict>
			<key>fileRef</key>
			<string>AEC19AC317DB9FBF00226CD9</string>
			<key>isa</key>
			<string>PBXBuildFile</string>
		</dict>
		<key>AEDB399C1981AAE600921F3C</key>
		<dict>
			<key>fileEncoding</key>
			<string>4</string>
			<key>isa</key>
			<string>PBXFileReference</string>
			<key>lastKnownFileType</key>
			<string>sourcecode.c.h</string>
			<key>path</key>
			<string>SDTBWindow.h</string>
			<key>sourceTree</key>
			<string>&lt;group&gt;</string>
		</dict>
		<key>AEDB399D1981AAE600921F3C</key>
		<dict>
			<key>fileEncoding</key>
			<string>4</string>
			<key>isa</key>
			<string>PBXFileReference</string>
			<key>lastKnownFileType</key>
			<string>sourcecode.c.objc</string>
			<key>path</key>
			<string>SDTBWindow.m</string>
			<key>sourceTree</key>
			<string>&lt;group&gt;</string>
		</dict>
		<key>AEDB399E1981AAE600921F3C</key>
		<dict>
			<key>fileRef</key>
			<string>AEDB399D1981AAE600921F3C</string>
			<key>isa</key>
			<string>PBXBuildFile</string>
		</dict>
		<key>B16B25A7C05741B1838EFD14</key>
		<dict>
			<key>fileRef</key>
			<string>505961972BEB4420A8F0B70A</string>
			<key>isa</key>
			<string>PBXBuildFile</string>
		</dict>
		<key>DE14CF0F8E054379BBA6F87E</key>
		<dict>
			<key>buildActionMask</key>
			<string>2147483647</string>
			<key>files</key>
			<array/>
			<key>inputPaths</key>
			<array/>
			<key>isa</key>
			<string>PBXShellScriptBuildPhase</string>
			<key>name</key>
			<string>Copy Pods Resources</string>
			<key>outputPaths</key>
			<array/>
			<key>runOnlyForDeploymentPostprocessing</key>
			<string>0</string>
			<key>shellPath</key>
			<string>/bin/sh</string>
			<key>shellScript</key>
			<string>"${SRCROOT}/Pods/Target Support Files/Pods/Pods-resources.sh"
</string>
			<key>showEnvVarsInLog</key>
			<string>0</string>
		</dict>
		<key>E84358EF0FC3986BD43659ED</key>
		<dict>
			<key>includeInIndex</key>
			<string>1</string>
			<key>isa</key>
			<string>PBXFileReference</string>
			<key>lastKnownFileType</key>
			<string>text.xcconfig</string>
			<key>name</key>
			<string>Pods.debug.xcconfig</string>
			<key>path</key>
			<string>Pods/Target Support Files/Pods/Pods.debug.xcconfig</string>
			<key>sourceTree</key>
			<string>&lt;group&gt;</string>
		</dict>
	</dict>
	<key>rootObject</key>
	<string>94ABDBAA16F2D40D00D47E36</string>
</dict>
</plist>
