// !$*UTF8*$!
{
	archiveVersion = 1;
	classes = {
	};
	objectVersion = 46;
	objects = {

/* Begin PBXBuildFile section */
		94ABDBB616F2D40D00D47E36 /* Cocoa.framework in Frameworks */ = {isa = PBXBuildFile; fileRef = 94ABDBB516F2D40D00D47E36 /* Cocoa.framework */; };
		94ABDBC016F2D40D00D47E36 /* InfoPlist.strings in Resources */ = {isa = PBXBuildFile; fileRef = 94ABDBBE16F2D40D00D47E36 /* InfoPlist.strings */; };
		94ABDBC216F2D40D00D47E36 /* main.m in Sources */ = {isa = PBXBuildFile; fileRef = 94ABDBC116F2D40D00D47E36 /* main.m */; };
		94ABDBC616F2D40D00D47E36 /* Credits.rtf in Resources */ = {isa = PBXBuildFile; fileRef = 94ABDBC416F2D40D00D47E36 /* Credits.rtf */; };
		94ABDBC916F2D40D00D47E36 /* SDTBAppDelegate.m in Sources */ = {isa = PBXBuildFile; fileRef = 94ABDBC816F2D40D00D47E36 /* SDTBAppDelegate.m */; };
		94ABDBCC16F2D40D00D47E36 /* MainMenu.xib in Resources */ = {isa = PBXBuildFile; fileRef = 94ABDBCA16F2D40D00D47E36 /* MainMenu.xib */; };
		94ABDBD916F348FE00D47E36 /* iTunesProxy.m in Sources */ = {isa = PBXBuildFile; fileRef = 94ABDBD816F348FE00D47E36 /* iTunesProxy.m */; };
		94ABDBDB16F34A7F00D47E36 /* ScriptingBridge.framework in Frameworks */ = {isa = PBXBuildFile; fileRef = 94ABDBDA16F34A7F00D47E36 /* ScriptingBridge.framework */; };
		94ABDBDF16F34B6000D47E36 /* SDStatusItemController.m in Sources */ = {isa = PBXBuildFile; fileRef = 94ABDBDE16F34B6000D47E36 /* SDStatusItemController.m */; };
		94ABDBE816F34B8600D47E36 /* SDTBStatusItemHelper.m in Sources */ = {isa = PBXBuildFile; fileRef = 94ABDBE716F34B8600D47E36 /* SDTBStatusItemHelper.m */; };
		94ABDBF216F34D2600D47E36 /* sd_intro.png in Resources */ = {isa = PBXBuildFile; fileRef = 94ABDBEA16F34D2600D47E36 /* sd_intro.png */; };
		94ABDBF516F34D2600D47E36 /* TunesBar.icns in Resources */ = {isa = PBXBuildFile; fileRef = 94ABDBED16F34D2600D47E36 /* TunesBar.icns */; };
		94ABDBF616F34D2600D47E36 /* NextTrack.png in Resources */ = {isa = PBXBuildFile; fileRef = 94ABDBEE16F34D2600D47E36 /* NextTrack.png */; };
		94ABDBF716F34D2600D47E36 /* PreviousTrack.png in Resources */ = {isa = PBXBuildFile; fileRef = 94ABDBEF16F34D2600D47E36 /* PreviousTrack.png */; };
		94ABDBF816F34D2600D47E36 /* Play.png in Resources */ = {isa = PBXBuildFile; fileRef = 94ABDBF016F34D2600D47E36 /* Play.png */; };
		94ABDBF916F34D2600D47E36 /* Pause.png in Resources */ = {isa = PBXBuildFile; fileRef = 94ABDBF116F34D2600D47E36 /* Pause.png */; };
		94ABDBFE16F3509800D47E36 /* SDPreferencesWindow.xib in Resources */ = {isa = PBXBuildFile; fileRef = 94ABDBFB16F3509800D47E36 /* SDPreferencesWindow.xib */; };
		94ABDBFF16F3509800D47E36 /* SDPreferencesWindowController.m in Sources */ = {isa = PBXBuildFile; fileRef = 94ABDBFD16F3509800D47E36 /* SDPreferencesWindowController.m */; };
		94ABDC0216F350F100D47E36 /* SDGeneralPrefPane.m in Sources */ = {isa = PBXBuildFile; fileRef = 94ABDC0116F350F100D47E36 /* SDGeneralPrefPane.m */; };
		94ABDC0416F350F800D47E36 /* GeneralPrefPane.xib in Resources */ = {isa = PBXBuildFile; fileRef = 94ABDC0316F350F800D47E36 /* GeneralPrefPane.xib */; };
		94ABDC0716F3511200D47E36 /* NSWindow+Geometry.m in Sources */ = {isa = PBXBuildFile; fileRef = 94ABDC0616F3511200D47E36 /* NSWindow+Geometry.m */; };
		94ABDC0916F351AC00D47E36 /* DefaultValues.plist in Resources */ = {isa = PBXBuildFile; fileRef = 94ABDC0816F351AC00D47E36 /* DefaultValues.plist */; };
		94ABDC0C16F3527000D47E36 /* SDFontSizeSliderCell.m in Sources */ = {isa = PBXBuildFile; fileRef = 94ABDC0B16F3527000D47E36 /* SDFontSizeSliderCell.m */; };
		94ABDC1216F3537300D47E36 /* RSRTVArrayController.m in Sources */ = {isa = PBXBuildFile; fileRef = 94ABDC1116F3537300D47E36 /* RSRTVArrayController.m */; };
		94ABDC1D16F3545B00D47E36 /* SDHowToWindow.xib in Resources */ = {isa = PBXBuildFile; fileRef = 94ABDC1516F3545B00D47E36 /* SDHowToWindow.xib */; };
		94ABDC1E16F3545B00D47E36 /* SDHowToWindowController.m in Sources */ = {isa = PBXBuildFile; fileRef = 94ABDC1716F3545B00D47E36 /* SDHowToWindowController.m */; };
		94ABDC2016F3545B00D47E36 /* SDRoundedHowToImageView.m in Sources */ = {isa = PBXBuildFile; fileRef = 94ABDC1B16F3545B00D47E36 /* SDRoundedHowToImageView.m */; };
		94ABDC5216F36E7F00D47E36 /* TunesBarHelper.app in Copy Files */ = {isa = PBXBuildFile; fileRef = 94ABDC5016F36E4200D47E36 /* TunesBarHelper.app */; };
		94ABDC5416F36E9400D47E36 /* ServiceManagement.framework in Frameworks */ = {isa = PBXBuildFile; fileRef = 94ABDC5316F36E9400D47E36 /* ServiceManagement.framework */; };
/* End PBXBuildFile section */

/* Begin PBXContainerItemProxy section */
		94ABDC4F16F36E4200D47E36 /* PBXContainerItemProxy */ = {
			isa = PBXContainerItemProxy;
			containerPortal = 94ABDC4B16F36E4100D47E36 /* TunesBarHelper.xcodeproj */;
			proxyType = 2;
			remoteGlobalIDString = 94ABDC2B16F36E4100D47E36;
			remoteInfo = TunesBarHelper;
		};
/* End PBXContainerItemProxy section */

/* Begin PBXCopyFilesBuildPhase section */
		94ABDC5116F36E6B00D47E36 /* Copy Files */ = {
			isa = PBXCopyFilesBuildPhase;
			buildActionMask = 2147483647;
			dstPath = Contents/Library/LoginItems;
			dstSubfolderSpec = 1;
			files = (
				94ABDC5216F36E7F00D47E36 /* TunesBarHelper.app in Copy Files */,
			);
			name = "Copy Files";
			runOnlyForDeploymentPostprocessing = 0;
		};
/* End PBXCopyFilesBuildPhase section */

/* Begin PBXFileReference section */
		94ABDBB216F2D40D00D47E36 /* TunesBar.app */ = {isa = PBXFileReference; explicitFileType = wrapper.application; includeInIndex = 0; path = TunesBar.app; sourceTree = BUILT_PRODUCTS_DIR; };
		94ABDBB516F2D40D00D47E36 /* Cocoa.framework */ = {isa = PBXFileReference; lastKnownFileType = wrapper.framework; name = Cocoa.framework; path = System/Library/Frameworks/Cocoa.framework; sourceTree = SDKROOT; };
		94ABDBB816F2D40D00D47E36 /* AppKit.framework */ = {isa = PBXFileReference; lastKnownFileType = wrapper.framework; name = AppKit.framework; path = System/Library/Frameworks/AppKit.framework; sourceTree = SDKROOT; };
		94ABDBB916F2D40D00D47E36 /* CoreData.framework */ = {isa = PBXFileReference; lastKnownFileType = wrapper.framework; name = CoreData.framework; path = System/Library/Frameworks/CoreData.framework; sourceTree = SDKROOT; };
		94ABDBBA16F2D40D00D47E36 /* Foundation.framework */ = {isa = PBXFileReference; lastKnownFileType = wrapper.framework; name = Foundation.framework; path = System/Library/Frameworks/Foundation.framework; sourceTree = SDKROOT; };
		94ABDBBD16F2D40D00D47E36 /* TunesBar-Info.plist */ = {isa = PBXFileReference; lastKnownFileType = text.plist.xml; path = "TunesBar-Info.plist"; sourceTree = "<group>"; };
		94ABDBBF16F2D40D00D47E36 /* en */ = {isa = PBXFileReference; lastKnownFileType = text.plist.strings; name = en; path = en.lproj/InfoPlist.strings; sourceTree = "<group>"; };
		94ABDBC116F2D40D00D47E36 /* main.m */ = {isa = PBXFileReference; lastKnownFileType = sourcecode.c.objc; path = main.m; sourceTree = "<group>"; };
		94ABDBC316F2D40D00D47E36 /* TunesBar-Prefix.pch */ = {isa = PBXFileReference; lastKnownFileType = sourcecode.c.h; path = "TunesBar-Prefix.pch"; sourceTree = "<group>"; };
		94ABDBC516F2D40D00D47E36 /* en */ = {isa = PBXFileReference; lastKnownFileType = text.rtf; name = en; path = en.lproj/Credits.rtf; sourceTree = "<group>"; };
		94ABDBC716F2D40D00D47E36 /* SDTBAppDelegate.h */ = {isa = PBXFileReference; lastKnownFileType = sourcecode.c.h; path = SDTBAppDelegate.h; sourceTree = "<group>"; };
		94ABDBC816F2D40D00D47E36 /* SDTBAppDelegate.m */ = {isa = PBXFileReference; lastKnownFileType = sourcecode.c.objc; path = SDTBAppDelegate.m; sourceTree = "<group>"; };
		94ABDBCB16F2D40D00D47E36 /* en */ = {isa = PBXFileReference; lastKnownFileType = file.xib; name = en; path = en.lproj/MainMenu.xib; sourceTree = "<group>"; };
		94ABDBD616F348FE00D47E36 /* iTunes.h */ = {isa = PBXFileReference; fileEncoding = 4; lastKnownFileType = sourcecode.c.h; path = iTunes.h; sourceTree = "<group>"; };
		94ABDBD716F348FE00D47E36 /* iTunesProxy.h */ = {isa = PBXFileReference; fileEncoding = 4; lastKnownFileType = sourcecode.c.h; path = iTunesProxy.h; sourceTree = "<group>"; };
		94ABDBD816F348FE00D47E36 /* iTunesProxy.m */ = {isa = PBXFileReference; fileEncoding = 4; lastKnownFileType = sourcecode.c.objc; path = iTunesProxy.m; sourceTree = "<group>"; };
		94ABDBDA16F34A7F00D47E36 /* ScriptingBridge.framework */ = {isa = PBXFileReference; lastKnownFileType = wrapper.framework; name = ScriptingBridge.framework; path = System/Library/Frameworks/ScriptingBridge.framework; sourceTree = SDKROOT; };
		94ABDBDD16F34B6000D47E36 /* SDStatusItemController.h */ = {isa = PBXFileReference; fileEncoding = 4; lastKnownFileType = sourcecode.c.h; path = SDStatusItemController.h; sourceTree = "<group>"; };
		94ABDBDE16F34B6000D47E36 /* SDStatusItemController.m */ = {isa = PBXFileReference; fileEncoding = 4; lastKnownFileType = sourcecode.c.objc; path = SDStatusItemController.m; sourceTree = "<group>"; };
		94ABDBE616F34B8600D47E36 /* SDTBStatusItemHelper.h */ = {isa = PBXFileReference; fileEncoding = 4; lastKnownFileType = sourcecode.c.h; path = SDTBStatusItemHelper.h; sourceTree = "<group>"; };
		94ABDBE716F34B8600D47E36 /* SDTBStatusItemHelper.m */ = {isa = PBXFileReference; fileEncoding = 4; lastKnownFileType = sourcecode.c.objc; path = SDTBStatusItemHelper.m; sourceTree = "<group>"; };
		94ABDBE916F34C4200D47E36 /* DefaultsKeys.h */ = {isa = PBXFileReference; lastKnownFileType = sourcecode.c.h; path = DefaultsKeys.h; sourceTree = "<group>"; };
		94ABDBEA16F34D2600D47E36 /* sd_intro.png */ = {isa = PBXFileReference; lastKnownFileType = image.png; path = sd_intro.png; sourceTree = "<group>"; };
		94ABDBED16F34D2600D47E36 /* TunesBar.icns */ = {isa = PBXFileReference; lastKnownFileType = image.icns; path = TunesBar.icns; sourceTree = "<group>"; };
		94ABDBEE16F34D2600D47E36 /* NextTrack.png */ = {isa = PBXFileReference; lastKnownFileType = image.png; path = NextTrack.png; sourceTree = "<group>"; };
		94ABDBEF16F34D2600D47E36 /* PreviousTrack.png */ = {isa = PBXFileReference; lastKnownFileType = image.png; path = PreviousTrack.png; sourceTree = "<group>"; };
		94ABDBF016F34D2600D47E36 /* Play.png */ = {isa = PBXFileReference; lastKnownFileType = image.png; path = Play.png; sourceTree = "<group>"; };
		94ABDBF116F34D2600D47E36 /* Pause.png */ = {isa = PBXFileReference; lastKnownFileType = image.png; path = Pause.png; sourceTree = "<group>"; };
		94ABDBFB16F3509800D47E36 /* SDPreferencesWindow.xib */ = {isa = PBXFileReference; fileEncoding = 4; lastKnownFileType = file.xib; path = SDPreferencesWindow.xib; sourceTree = "<group>"; };
		94ABDBFC16F3509800D47E36 /* SDPreferencesWindowController.h */ = {isa = PBXFileReference; fileEncoding = 4; lastKnownFileType = sourcecode.c.h; path = SDPreferencesWindowController.h; sourceTree = "<group>"; };
		94ABDBFD16F3509800D47E36 /* SDPreferencesWindowController.m */ = {isa = PBXFileReference; fileEncoding = 4; lastKnownFileType = sourcecode.c.objc; path = SDPreferencesWindowController.m; sourceTree = "<group>"; };
		94ABDC0016F350F100D47E36 /* SDGeneralPrefPane.h */ = {isa = PBXFileReference; fileEncoding = 4; lastKnownFileType = sourcecode.c.h; path = SDGeneralPrefPane.h; sourceTree = "<group>"; };
		94ABDC0116F350F100D47E36 /* SDGeneralPrefPane.m */ = {isa = PBXFileReference; fileEncoding = 4; lastKnownFileType = sourcecode.c.objc; path = SDGeneralPrefPane.m; sourceTree = "<group>"; };
		94ABDC0316F350F800D47E36 /* GeneralPrefPane.xib */ = {isa = PBXFileReference; fileEncoding = 4; lastKnownFileType = file.xib; path = GeneralPrefPane.xib; sourceTree = "<group>"; };
		94ABDC0516F3511200D47E36 /* NSWindow+Geometry.h */ = {isa = PBXFileReference; fileEncoding = 4; lastKnownFileType = sourcecode.c.h; path = "NSWindow+Geometry.h"; sourceTree = "<group>"; };
		94ABDC0616F3511200D47E36 /* NSWindow+Geometry.m */ = {isa = PBXFileReference; fileEncoding = 4; lastKnownFileType = sourcecode.c.objc; path = "NSWindow+Geometry.m"; sourceTree = "<group>"; };
		94ABDC0816F351AC00D47E36 /* DefaultValues.plist */ = {isa = PBXFileReference; fileEncoding = 4; lastKnownFileType = text.plist.xml; path = DefaultValues.plist; sourceTree = "<group>"; };
		94ABDC0A16F3527000D47E36 /* SDFontSizeSliderCell.h */ = {isa = PBXFileReference; fileEncoding = 4; lastKnownFileType = sourcecode.c.h; path = SDFontSizeSliderCell.h; sourceTree = "<group>"; };
		94ABDC0B16F3527000D47E36 /* SDFontSizeSliderCell.m */ = {isa = PBXFileReference; fileEncoding = 4; lastKnownFileType = sourcecode.c.objc; path = SDFontSizeSliderCell.m; sourceTree = "<group>"; };
		94ABDC1016F3537300D47E36 /* RSRTVArrayController.h */ = {isa = PBXFileReference; fileEncoding = 4; lastKnownFileType = sourcecode.c.h; path = RSRTVArrayController.h; sourceTree = "<group>"; };
		94ABDC1116F3537300D47E36 /* RSRTVArrayController.m */ = {isa = PBXFileReference; fileEncoding = 4; lastKnownFileType = sourcecode.c.objc; path = RSRTVArrayController.m; sourceTree = "<group>"; };
		94ABDC1516F3545B00D47E36 /* SDHowToWindow.xib */ = {isa = PBXFileReference; fileEncoding = 4; lastKnownFileType = file.xib; path = SDHowToWindow.xib; sourceTree = "<group>"; };
		94ABDC1616F3545B00D47E36 /* SDHowToWindowController.h */ = {isa = PBXFileReference; fileEncoding = 4; lastKnownFileType = sourcecode.c.h; path = SDHowToWindowController.h; sourceTree = "<group>"; };
		94ABDC1716F3545B00D47E36 /* SDHowToWindowController.m */ = {isa = PBXFileReference; fileEncoding = 4; lastKnownFileType = sourcecode.c.objc; path = SDHowToWindowController.m; sourceTree = "<group>"; };
		94ABDC1A16F3545B00D47E36 /* SDRoundedHowToImageView.h */ = {isa = PBXFileReference; fileEncoding = 4; lastKnownFileType = sourcecode.c.h; path = SDRoundedHowToImageView.h; sourceTree = "<group>"; };
		94ABDC1B16F3545B00D47E36 /* SDRoundedHowToImageView.m */ = {isa = PBXFileReference; fileEncoding = 4; lastKnownFileType = sourcecode.c.objc; path = SDRoundedHowToImageView.m; sourceTree = "<group>"; };
		94ABDC2116F35E2C00D47E36 /* TunesBar.entitlements */ = {isa = PBXFileReference; lastKnownFileType = text.xml; path = TunesBar.entitlements; sourceTree = "<group>"; };
		94ABDC4B16F36E4100D47E36 /* TunesBarHelper.xcodeproj */ = {isa = PBXFileReference; lastKnownFileType = "wrapper.pb-project"; name = TunesBarHelper.xcodeproj; path = TunesBarHelper/TunesBarHelper.xcodeproj; sourceTree = "<group>"; };
		94ABDC5316F36E9400D47E36 /* ServiceManagement.framework */ = {isa = PBXFileReference; lastKnownFileType = wrapper.framework; name = ServiceManagement.framework; path = System/Library/Frameworks/ServiceManagement.framework; sourceTree = SDKROOT; };
/* End PBXFileReference section */

/* Begin PBXFrameworksBuildPhase section */
		94ABDBAF16F2D40D00D47E36 /* Frameworks */ = {
			isa = PBXFrameworksBuildPhase;
			buildActionMask = 2147483647;
			files = (
				94ABDC5416F36E9400D47E36 /* ServiceManagement.framework in Frameworks */,
				94ABDBDB16F34A7F00D47E36 /* ScriptingBridge.framework in Frameworks */,
				94ABDBB616F2D40D00D47E36 /* Cocoa.framework in Frameworks */,
			);
			runOnlyForDeploymentPostprocessing = 0;
		};
/* End PBXFrameworksBuildPhase section */

/* Begin PBXGroup section */
		94ABDBA916F2D40D00D47E36 = {
			isa = PBXGroup;
			children = (
				94ABDC4B16F36E4100D47E36 /* TunesBarHelper.xcodeproj */,
				94ABDBBB16F2D40D00D47E36 /* TunesBar */,
				94ABDBB416F2D40D00D47E36 /* Frameworks */,
				94ABDBB316F2D40D00D47E36 /* Products */,
			);
			sourceTree = "<group>";
		};
		94ABDBB316F2D40D00D47E36 /* Products */ = {
			isa = PBXGroup;
			children = (
				94ABDBB216F2D40D00D47E36 /* TunesBar.app */,
			);
			name = Products;
			sourceTree = "<group>";
		};
		94ABDBB416F2D40D00D47E36 /* Frameworks */ = {
			isa = PBXGroup;
			children = (
				94ABDC5316F36E9400D47E36 /* ServiceManagement.framework */,
				94ABDBDA16F34A7F00D47E36 /* ScriptingBridge.framework */,
				94ABDBB516F2D40D00D47E36 /* Cocoa.framework */,
				94ABDBB716F2D40D00D47E36 /* Other Frameworks */,
			);
			name = Frameworks;
			sourceTree = "<group>";
		};
		94ABDBB716F2D40D00D47E36 /* Other Frameworks */ = {
			isa = PBXGroup;
			children = (
				94ABDBB816F2D40D00D47E36 /* AppKit.framework */,
				94ABDBB916F2D40D00D47E36 /* CoreData.framework */,
				94ABDBBA16F2D40D00D47E36 /* Foundation.framework */,
			);
			name = "Other Frameworks";
			sourceTree = "<group>";
		};
		94ABDBBB16F2D40D00D47E36 /* TunesBar */ = {
			isa = PBXGroup;
			children = (
				94ABDBBD16F2D40D00D47E36 /* TunesBar-Info.plist */,
				94ABDC2116F35E2C00D47E36 /* TunesBar.entitlements */,
				94ABDBC416F2D40D00D47E36 /* Credits.rtf */,
				94ABDBE916F34C4200D47E36 /* DefaultsKeys.h */,
				94ABDC0816F351AC00D47E36 /* DefaultValues.plist */,
				94ABDBFA16F3508F00D47E36 /* SDToolkit */,
				94ABDBD516F348EC00D47E36 /* Helpers */,
				94ABDBD416F348CB00D47E36 /* Graphics */,
				94ABDBDC16F34B4D00D47E36 /* View */,
				94ABDBD216F348BB00D47E36 /* Controllers */,
				94ABDBD316F348BF00D47E36 /* XIBs */,
				94ABDBBC16F2D40D00D47E36 /* Supporting Files */,
			);
			path = TunesBar;
			sourceTree = "<group>";
		};
		94ABDBBC16F2D40D00D47E36 /* Supporting Files */ = {
			isa = PBXGroup;
			children = (
				94ABDBBE16F2D40D00D47E36 /* InfoPlist.strings */,
				94ABDBC116F2D40D00D47E36 /* main.m */,
				94ABDBC316F2D40D00D47E36 /* TunesBar-Prefix.pch */,
			);
			name = "Supporting Files";
			sourceTree = "<group>";
		};
		94ABDBD216F348BB00D47E36 /* Controllers */ = {
			isa = PBXGroup;
			children = (
				94ABDBC716F2D40D00D47E36 /* SDTBAppDelegate.h */,
				94ABDBC816F2D40D00D47E36 /* SDTBAppDelegate.m */,
				94ABDBDD16F34B6000D47E36 /* SDStatusItemController.h */,
				94ABDBDE16F34B6000D47E36 /* SDStatusItemController.m */,
				94ABDC0016F350F100D47E36 /* SDGeneralPrefPane.h */,
				94ABDC0116F350F100D47E36 /* SDGeneralPrefPane.m */,
			);
			name = Controllers;
			sourceTree = "<group>";
		};
		94ABDBD316F348BF00D47E36 /* XIBs */ = {
			isa = PBXGroup;
			children = (
				94ABDBCA16F2D40D00D47E36 /* MainMenu.xib */,
				94ABDC0316F350F800D47E36 /* GeneralPrefPane.xib */,
			);
			name = XIBs;
			sourceTree = "<group>";
		};
		94ABDBD416F348CB00D47E36 /* Graphics */ = {
			isa = PBXGroup;
			children = (
				94ABDBEA16F34D2600D47E36 /* sd_intro.png */,
				94ABDBED16F34D2600D47E36 /* TunesBar.icns */,
				94ABDBEE16F34D2600D47E36 /* NextTrack.png */,
				94ABDBEF16F34D2600D47E36 /* PreviousTrack.png */,
				94ABDBF016F34D2600D47E36 /* Play.png */,
				94ABDBF116F34D2600D47E36 /* Pause.png */,
			);
			name = Graphics;
			sourceTree = "<group>";
		};
		94ABDBD516F348EC00D47E36 /* Helpers */ = {
			isa = PBXGroup;
			children = (
				94ABDBD616F348FE00D47E36 /* iTunes.h */,
				94ABDBD716F348FE00D47E36 /* iTunesProxy.h */,
				94ABDBD816F348FE00D47E36 /* iTunesProxy.m */,
				94ABDBE616F34B8600D47E36 /* SDTBStatusItemHelper.h */,
				94ABDBE716F34B8600D47E36 /* SDTBStatusItemHelper.m */,
			);
			name = Helpers;
			sourceTree = "<group>";
		};
		94ABDBDC16F34B4D00D47E36 /* View */ = {
			isa = PBXGroup;
			children = (
				94ABDC0A16F3527000D47E36 /* SDFontSizeSliderCell.h */,
				94ABDC0B16F3527000D47E36 /* SDFontSizeSliderCell.m */,
			);
			name = View;
			sourceTree = "<group>";
		};
		94ABDBFA16F3508F00D47E36 /* SDToolkit */ = {
			isa = PBXGroup;
			children = (
				94ABDBFB16F3509800D47E36 /* SDPreferencesWindow.xib */,
				94ABDBFC16F3509800D47E36 /* SDPreferencesWindowController.h */,
				94ABDBFD16F3509800D47E36 /* SDPreferencesWindowController.m */,
				94ABDC0516F3511200D47E36 /* NSWindow+Geometry.h */,
				94ABDC0616F3511200D47E36 /* NSWindow+Geometry.m */,
				94ABDC1016F3537300D47E36 /* RSRTVArrayController.h */,
				94ABDC1116F3537300D47E36 /* RSRTVArrayController.m */,
				94ABDC1516F3545B00D47E36 /* SDHowToWindow.xib */,
				94ABDC1616F3545B00D47E36 /* SDHowToWindowController.h */,
				94ABDC1716F3545B00D47E36 /* SDHowToWindowController.m */,
				94ABDC1A16F3545B00D47E36 /* SDRoundedHowToImageView.h */,
				94ABDC1B16F3545B00D47E36 /* SDRoundedHowToImageView.m */,
			);
			name = SDToolkit;
			sourceTree = "<group>";
		};
		94ABDC4C16F36E4100D47E36 /* Products */ = {
			isa = PBXGroup;
			children = (
				94ABDC5016F36E4200D47E36 /* TunesBarHelper.app */,
			);
			name = Products;
			sourceTree = "<group>";
		};
/* End PBXGroup section */

/* Begin PBXNativeTarget section */
		94ABDBB116F2D40D00D47E36 /* TunesBar */ = {
			isa = PBXNativeTarget;
			buildConfigurationList = 94ABDBCF16F2D40D00D47E36 /* Build configuration list for PBXNativeTarget "TunesBar" */;
			buildPhases = (
				94ABDBAE16F2D40D00D47E36 /* Sources */,
				94ABDBAF16F2D40D00D47E36 /* Frameworks */,
				94ABDBB016F2D40D00D47E36 /* Resources */,
				94ABDC5116F36E6B00D47E36 /* Copy Files */,
				94ABDC5616F3750A00D47E36 /* ShellScript */,
			);
			buildRules = (
			);
			dependencies = (
			);
			name = TunesBar;
			productName = TunesBar;
			productReference = 94ABDBB216F2D40D00D47E36 /* TunesBar.app */;
			productType = "com.apple.product-type.application";
		};
/* End PBXNativeTarget section */

/* Begin PBXProject section */
		94ABDBAA16F2D40D00D47E36 /* Project object */ = {
			isa = PBXProject;
			attributes = {
				CLASSPREFIX = SDTB;
				LastUpgradeCheck = 0460;
				ORGANIZATIONNAME = "Steven Degutis";
			};
			buildConfigurationList = 94ABDBAD16F2D40D00D47E36 /* Build configuration list for PBXProject "TunesBar" */;
			compatibilityVersion = "Xcode 3.2";
			developmentRegion = English;
			hasScannedForEncodings = 0;
			knownRegions = (
				en,
			);
			mainGroup = 94ABDBA916F2D40D00D47E36;
			productRefGroup = 94ABDBB316F2D40D00D47E36 /* Products */;
			projectDirPath = "";
			projectReferences = (
				{
					ProductGroup = 94ABDC4C16F36E4100D47E36 /* Products */;
					ProjectRef = 94ABDC4B16F36E4100D47E36 /* TunesBarHelper.xcodeproj */;
				},
			);
			projectRoot = "";
			targets = (
				94ABDBB116F2D40D00D47E36 /* TunesBar */,
			);
		};
/* End PBXProject section */

/* Begin PBXReferenceProxy section */
		94ABDC5016F36E4200D47E36 /* TunesBarHelper.app */ = {
			isa = PBXReferenceProxy;
			fileType = wrapper.application;
			path = TunesBarHelper.app;
			remoteRef = 94ABDC4F16F36E4200D47E36 /* PBXContainerItemProxy */;
			sourceTree = BUILT_PRODUCTS_DIR;
		};
/* End PBXReferenceProxy section */

/* Begin PBXResourcesBuildPhase section */
		94ABDBB016F2D40D00D47E36 /* Resources */ = {
			isa = PBXResourcesBuildPhase;
			buildActionMask = 2147483647;
			files = (
				94ABDBC016F2D40D00D47E36 /* InfoPlist.strings in Resources */,
				94ABDBC616F2D40D00D47E36 /* Credits.rtf in Resources */,
				94ABDBCC16F2D40D00D47E36 /* MainMenu.xib in Resources */,
				94ABDBF216F34D2600D47E36 /* sd_intro.png in Resources */,
				94ABDBF516F34D2600D47E36 /* TunesBar.icns in Resources */,
				94ABDBF616F34D2600D47E36 /* NextTrack.png in Resources */,
				94ABDBF716F34D2600D47E36 /* PreviousTrack.png in Resources */,
				94ABDBF816F34D2600D47E36 /* Play.png in Resources */,
				94ABDBF916F34D2600D47E36 /* Pause.png in Resources */,
				94ABDBFE16F3509800D47E36 /* SDPreferencesWindow.xib in Resources */,
				94ABDC0416F350F800D47E36 /* GeneralPrefPane.xib in Resources */,
				94ABDC0916F351AC00D47E36 /* DefaultValues.plist in Resources */,
				94ABDC1D16F3545B00D47E36 /* SDHowToWindow.xib in Resources */,
			);
			runOnlyForDeploymentPostprocessing = 0;
		};
/* End PBXResourcesBuildPhase section */

/* Begin PBXShellScriptBuildPhase section */
		94ABDC5616F3750A00D47E36 /* ShellScript */ = {
			isa = PBXShellScriptBuildPhase;
			buildActionMask = 2147483647;
			files = (
			);
			inputPaths = (
			);
			outputPaths = (
			);
			runOnlyForDeploymentPostprocessing = 0;
			shellPath = /bin/sh;
			shellScript = "rm -f \"${BUILT_PRODUCTS_DIR}/${CONTENTS_FOLDER_PATH}/Library/LoginItems/TunesBarHelper.app/Contents/${EMBEDDED_PROFILE_NAME}\"\ncodesign -f -s \"${CODE_SIGN_IDENTITY}\" -i \"org.degutis.TunesBarHelper\" --entitlements \"${SOURCE_ROOT}/TunesBarHelper/TunesBarHelper/TunesBarHelper.entitlements\" \"${BUILT_PRODUCTS_DIR}/${CONTENTS_FOLDER_PATH}/Library/LoginItems/TunesBarHelper.app\"";
		};
/* End PBXShellScriptBuildPhase section */

/* Begin PBXSourcesBuildPhase section */
		94ABDBAE16F2D40D00D47E36 /* Sources */ = {
			isa = PBXSourcesBuildPhase;
			buildActionMask = 2147483647;
			files = (
				94ABDBC216F2D40D00D47E36 /* main.m in Sources */,
				94ABDBC916F2D40D00D47E36 /* SDTBAppDelegate.m in Sources */,
				94ABDBD916F348FE00D47E36 /* iTunesProxy.m in Sources */,
				94ABDBDF16F34B6000D47E36 /* SDStatusItemController.m in Sources */,
				94ABDBE816F34B8600D47E36 /* SDTBStatusItemHelper.m in Sources */,
				94ABDBFF16F3509800D47E36 /* SDPreferencesWindowController.m in Sources */,
				94ABDC0216F350F100D47E36 /* SDGeneralPrefPane.m in Sources */,
				94ABDC0716F3511200D47E36 /* NSWindow+Geometry.m in Sources */,
				94ABDC0C16F3527000D47E36 /* SDFontSizeSliderCell.m in Sources */,
				94ABDC1216F3537300D47E36 /* RSRTVArrayController.m in Sources */,
				94ABDC1E16F3545B00D47E36 /* SDHowToWindowController.m in Sources */,
				94ABDC2016F3545B00D47E36 /* SDRoundedHowToImageView.m in Sources */,
			);
			runOnlyForDeploymentPostprocessing = 0;
		};
/* End PBXSourcesBuildPhase section */

/* Begin PBXVariantGroup section */
		94ABDBBE16F2D40D00D47E36 /* InfoPlist.strings */ = {
			isa = PBXVariantGroup;
			children = (
				94ABDBBF16F2D40D00D47E36 /* en */,
			);
			name = InfoPlist.strings;
			sourceTree = "<group>";
		};
		94ABDBC416F2D40D00D47E36 /* Credits.rtf */ = {
			isa = PBXVariantGroup;
			children = (
				94ABDBC516F2D40D00D47E36 /* en */,
			);
			name = Credits.rtf;
			sourceTree = "<group>";
		};
		94ABDBCA16F2D40D00D47E36 /* MainMenu.xib */ = {
			isa = PBXVariantGroup;
			children = (
				94ABDBCB16F2D40D00D47E36 /* en */,
			);
			name = MainMenu.xib;
			sourceTree = "<group>";
		};
/* End PBXVariantGroup section */

/* Begin XCBuildConfiguration section */
		94ABDBCD16F2D40D00D47E36 /* Debug */ = {
			isa = XCBuildConfiguration;
			buildSettings = {
				ALWAYS_SEARCH_USER_PATHS = NO;
				ARCHS = "$(ARCHS_STANDARD_64_BIT)";
				CLANG_CXX_LANGUAGE_STANDARD = "gnu++0x";
				CLANG_CXX_LIBRARY = "libc++";
				CLANG_ENABLE_OBJC_ARC = YES;
				CLANG_WARN_CONSTANT_CONVERSION = YES;
				CLANG_WARN_EMPTY_BODY = YES;
				CLANG_WARN_ENUM_CONVERSION = YES;
				CLANG_WARN_INT_CONVERSION = YES;
				CLANG_WARN__DUPLICATE_METHOD_MATCH = YES;
				COPY_PHASE_STRIP = NO;
				GCC_C_LANGUAGE_STANDARD = gnu99;
				GCC_DYNAMIC_NO_PIC = NO;
				GCC_ENABLE_OBJC_EXCEPTIONS = YES;
				GCC_OPTIMIZATION_LEVEL = 0;
				GCC_PREPROCESSOR_DEFINITIONS = (
					"DEBUG=1",
					"$(inherited)",
				);
				GCC_SYMBOLS_PRIVATE_EXTERN = NO;
				GCC_WARN_64_TO_32_BIT_CONVERSION = YES;
				GCC_WARN_ABOUT_RETURN_TYPE = YES;
				GCC_WARN_UNINITIALIZED_AUTOS = YES;
				GCC_WARN_UNUSED_VARIABLE = YES;
				MACOSX_DEPLOYMENT_TARGET = 10.8;
				ONLY_ACTIVE_ARCH = YES;
				SDKROOT = macosx;
			};
			name = Debug;
		};
		94ABDBCE16F2D40D00D47E36 /* Release */ = {
			isa = XCBuildConfiguration;
			buildSettings = {
				ALWAYS_SEARCH_USER_PATHS = NO;
				ARCHS = "$(ARCHS_STANDARD_64_BIT)";
				CLANG_CXX_LANGUAGE_STANDARD = "gnu++0x";
				CLANG_CXX_LIBRARY = "libc++";
				CLANG_ENABLE_OBJC_ARC = YES;
				CLANG_WARN_CONSTANT_CONVERSION = YES;
				CLANG_WARN_EMPTY_BODY = YES;
				CLANG_WARN_ENUM_CONVERSION = YES;
				CLANG_WARN_INT_CONVERSION = YES;
				CLANG_WARN__DUPLICATE_METHOD_MATCH = YES;
				COPY_PHASE_STRIP = YES;
				DEBUG_INFORMATION_FORMAT = "dwarf-with-dsym";
				GCC_C_LANGUAGE_STANDARD = gnu99;
				GCC_ENABLE_OBJC_EXCEPTIONS = YES;
				GCC_WARN_64_TO_32_BIT_CONVERSION = YES;
				GCC_WARN_ABOUT_RETURN_TYPE = YES;
				GCC_WARN_UNINITIALIZED_AUTOS = YES;
				GCC_WARN_UNUSED_VARIABLE = YES;
				MACOSX_DEPLOYMENT_TARGET = 10.8;
				SDKROOT = macosx;
			};
			name = Release;
		};
		94ABDBD016F2D40D00D47E36 /* Debug */ = {
			isa = XCBuildConfiguration;
			buildSettings = {
				CODE_SIGN_ENTITLEMENTS = TunesBar/TunesBar.entitlements;
				CODE_SIGN_IDENTITY = "3rd Party Mac Developer Application: Steven Degutis";
				COMBINE_HIDPI_IMAGES = YES;
				GCC_PRECOMPILE_PREFIX_HEADER = YES;
				GCC_PREFIX_HEADER = "TunesBar/TunesBar-Prefix.pch";
				INFOPLIST_FILE = "TunesBar/TunesBar-Info.plist";
				PRODUCT_NAME = "$(TARGET_NAME)";
				PROVISIONING_PROFILE = "DEC68129-5270-4D21-97E3-0031ADA5ACBD";
				WRAPPER_EXTENSION = app;
			};
			name = Debug;
		};
		94ABDBD116F2D40D00D47E36 /* Release */ = {
			isa = XCBuildConfiguration;
			buildSettings = {
				CODE_SIGN_ENTITLEMENTS = TunesBar/TunesBar.entitlements;
				CODE_SIGN_IDENTITY = "3rd Party Mac Developer Application: Steven Degutis";
				COMBINE_HIDPI_IMAGES = YES;
				COPY_PHASE_STRIP = NO;
				GCC_PRECOMPILE_PREFIX_HEADER = YES;
				GCC_PREFIX_HEADER = "TunesBar/TunesBar-Prefix.pch";
				INFOPLIST_FILE = "TunesBar/TunesBar-Info.plist";
				PRODUCT_NAME = "$(TARGET_NAME)";
				PROVISIONING_PROFILE = "DEC68129-5270-4D21-97E3-0031ADA5ACBD";
				WRAPPER_EXTENSION = app;
			};
			name = Release;
		};
/* End XCBuildConfiguration section */

/* Begin XCConfigurationList section */
		94ABDBAD16F2D40D00D47E36 /* Build configuration list for PBXProject "TunesBar" */ = {
			isa = XCConfigurationList;
			buildConfigurations = (
				94ABDBCD16F2D40D00D47E36 /* Debug */,
				94ABDBCE16F2D40D00D47E36 /* Release */,
			);
			defaultConfigurationIsVisible = 0;
			defaultConfigurationName = Release;
		};
		94ABDBCF16F2D40D00D47E36 /* Build configuration list for PBXNativeTarget "TunesBar" */ = {
			isa = XCConfigurationList;
			buildConfigurations = (
				94ABDBD016F2D40D00D47E36 /* Debug */,
				94ABDBD116F2D40D00D47E36 /* Release */,
			);
			defaultConfigurationIsVisible = 0;
			defaultConfigurationName = Release;
		};
/* End XCConfigurationList section */
	};
	rootObject = 94ABDBAA16F2D40D00D47E36 /* Project object */;
}
